
Microsoft Visual Studio Solution File, Format Version 12.00
# Visual Studio Version 16
VisualStudioVersion = 16.0.29102.190
MinimumVisualStudioVersion = 10.0.40219.1
Project("{8BC9CEB8-8B4A-11D0-8D11-00A0C91BC942}") = "lecture0001", "lecture0001\lecture0001.vcxproj", "{EED25995-3F4E-4F2D-B846-B78A4B4879B7}"
EndProject
Project("{8BC9CEB8-8B4A-11D0-8D11-00A0C91BC942}") = "lecture0002", "lecture0002\lecture0002.vcxproj", "{9F44E0DD-56D4-4153-A45D-B1CD07414407}"
EndProject
Project("{8BC9CEB8-8B4A-11D0-8D11-00A0C91BC942}") = "lecture0003", "lecture0003\lecture0003.vcxproj", "{38CF3083-D63A-4E59-8F2B-0EC118393CB3}"
EndProject
Project("{8BC9CEB8-8B4A-11D0-8D11-00A0C91BC942}") = "lecture0004", "lecture0004\lecture0004.vcxproj", "{56D66102-5D45-43B8-9180-6818B4CB7032}"
EndProject
Project("{8BC9CEB8-8B4A-11D0-8D11-00A0C91BC942}") = "lecture0005", "lecture0005\lecture0005.vcxproj", "{551AB631-77FE-4D1D-B194-9554E6C99F30}"
EndProject
Project("{8BC9CEB8-8B4A-11D0-8D11-00A0C91BC942}") = "lecture0006", "lecture0006\lecture0006.vcxproj", "{C71B65D8-B9D8-4DC1-B248-86EDFC1A970D}"
EndProject
Project("{8BC9CEB8-8B4A-11D0-8D11-00A0C91BC942}") = "lecture0007", "lecture0007\lecture0007.vcxproj", "{1E3DDD48-6949-4862-94D3-3325BE5891F3}"
EndProject
Project("{8BC9CEB8-8B4A-11D0-8D11-00A0C91BC942}") = "lecture0008", "lecture0008\lecture0008.vcxproj", "{0A50829F-5943-4220-833B-B23DAC8EB0BE}"
EndProject
Project("{8BC9CEB8-8B4A-11D0-8D11-00A0C91BC942}") = "lecture0009", "lecture0009\lecture0009.vcxproj", "{6FA15732-D4DF-4390-BE94-66CF85D6B358}"
EndProject
Project("{8BC9CEB8-8B4A-11D0-8D11-00A0C91BC942}") = "lecture0010", "lecture0010\lecture0010.vcxproj", "{99CE9A44-7CFF-4705-BD4B-0B9FB0302C36}"
EndProject
Project("{8BC9CEB8-8B4A-11D0-8D11-00A0C91BC942}") = "lecture0011-1", "lecture0011\lecture0011.vcxproj", "{3166B243-7F49-4031-97AD-40479188BE99}"
EndProject
Project("{8BC9CEB8-8B4A-11D0-8D11-00A0C91BC942}") = "lecture0012", "lecture0012\lecture0012.vcxproj", "{96259AE6-73B1-4A09-BD99-E11EA55CAE62}"
EndProject
Project("{8BC9CEB8-8B4A-11D0-8D11-00A0C91BC942}") = "lecture0013", "lecture0013\lecture0013.vcxproj", "{CA7C239C-29E9-4954-AFA9-BBE8C8CF3E3E}"
EndProject
Project("{8BC9CEB8-8B4A-11D0-8D11-00A0C91BC942}") = "lecture0014", "lecture0014\lecture0014.vcxproj", "{23D3CF9F-1753-4F8C-B272-BAD2891FF2B4}"
EndProject
Project("{8BC9CEB8-8B4A-11D0-8D11-00A0C91BC942}") = "lecture0015도수분포", "lecture0015\lecture0015.vcxproj", "{06E226B2-F815-4BB0-8FEB-5D7F5BD4A27C}"
EndProject
Project("{8BC9CEB8-8B4A-11D0-8D11-00A0C91BC942}") = "lecture0016", "lecture0016\lecture0016.vcxproj", "{678795A1-AD19-4BC9-9AA0-871F22701021}"
EndProject
Project("{8BC9CEB8-8B4A-11D0-8D11-00A0C91BC942}") = "lecture0017암호", "lecture0017\lecture0017.vcxproj", "{D663B447-E9D1-4CE7-A42A-FEF65A26CADC}"
EndProject
Project("{8BC9CEB8-8B4A-11D0-8D11-00A0C91BC942}") = "lecture0016-1", "lecture0016-1\lecture0016-1.vcxproj", "{A222C3F2-199D-4A5B-8678-C998F46FB34B}"
EndProject
Project("{8BC9CEB8-8B4A-11D0-8D11-00A0C91BC942}") = "lecture0018", "lecture0018\lecture0018.vcxproj", "{87E05CB8-E2D5-43AA-BABF-FEA2BA2509E3}"
EndProject
Project("{8BC9CEB8-8B4A-11D0-8D11-00A0C91BC942}") = "lecture0019거듭제곱", "lecture0019\lecture0019.vcxproj", "{4556D911-1EF7-4409-A680-9039DC3DF74F}"
EndProject
Project("{8BC9CEB8-8B4A-11D0-8D11-00A0C91BC942}") = "lecture0020피보나치", "lecture0020\lecture0020.vcxproj", "{66DDC4A7-269E-402E-AC4B-93650666E57B}"
EndProject
Project("{8BC9CEB8-8B4A-11D0-8D11-00A0C91BC942}") = "lecture0020-1피보나치메오이제이션", "lecture0020-1\lecture0020-1.vcxproj", "{BCBFAFFC-E1C6-4EED-850B-87DC2187E715}"
EndProject
Project("{8BC9CEB8-8B4A-11D0-8D11-00A0C91BC942}") = "lecture0021하노이타워", "lecture0021\lecture0021.vcxproj", "{9488A19D-FCAC-4535-91E2-D0DBE9E7FCBF}"
EndProject
Project("{8BC9CEB8-8B4A-11D0-8D11-00A0C91BC942}") = "lecture0004-1", "lecture0004-1\lecture0004-1.vcxproj", "{62C9F5BF-EB6F-4C53-8F9C-B5C82C362C6C}"
EndProject
Project("{8BC9CEB8-8B4A-11D0-8D11-00A0C91BC942}") = "lecture0022다항식", "lecture0022\lecture0022.vcxproj", "{F9B19EB5-580B-428B-ACA2-F4353092D910}"
EndProject
Project("{8BC9CEB8-8B4A-11D0-8D11-00A0C91BC942}") = "lecture0010-1", "lecture0010-1\lecture0010-1.vcxproj", "{78B6400F-8D45-4DD2-B3CB-AFFDF39932B2}"
EndProject
Project("{8BC9CEB8-8B4A-11D0-8D11-00A0C91BC942}") = "lecture0022다항식표현2", "lecture0022-1\lecture0022-1.vcxproj", "{BD1A8F37-55BC-4974-AF51-842BB440E162}"
EndProject
Project("{8BC9CEB8-8B4A-11D0-8D11-00A0C91BC942}") = "lecture0023 전치행렬", "lecture0023\lecture0023.vcxproj", "{39320F1C-A033-423F-9E5C-FB64260B7659}"
EndProject
Project("{2150E333-8FDC-42A3-9474-1A3956D46DE8}") = "1Basic", "1Basic", "{CAAECC3F-22C7-4E04-A270-38BDEE5F7A89}"
EndProject
Project("{2150E333-8FDC-42A3-9474-1A3956D46DE8}") = "2DataStructure", "2DataStructure", "{31E142F6-0546-4EE9-8495-3A32BC7F6274}"
EndProject
Project("{8BC9CEB8-8B4A-11D0-8D11-00A0C91BC942}") = "lecture0023-1전치행렬", "lecture0023-1\lecture0023-1.vcxproj", "{22550B3C-1719-48FF-BFF0-594D39922835}"
EndProject
Project("{8BC9CEB8-8B4A-11D0-8D11-00A0C91BC942}") = "lecture0023-2전치행렬", "lecture0023-2\lecture0023-2.vcxproj", "{B52D6A92-3D06-4315-890A-BFA867A7BC7F}"
EndProject
Project("{2150E333-8FDC-42A3-9474-1A3956D46DE8}") = "3Algorithm", "3Algorithm", "{EAFF6DD9-68D6-46FC-B930-64334E6E1493}"
EndProject
Project("{8BC9CEB8-8B4A-11D0-8D11-00A0C91BC942}") = "lecture0100", "lecture0100\lecture0100.vcxproj", "{A1DFB691-B3BA-4DCC-A025-4209DE2FE2A7}"
EndProject
Project("{8BC9CEB8-8B4A-11D0-8D11-00A0C91BC942}") = "lecture0101bubble", "lecture0101\lecture0101.vcxproj", "{33765035-9F7F-488A-A757-D6F6F50FB90C}"
EndProject
Project("{2150E333-8FDC-42A3-9474-1A3956D46DE8}") = "0Quiz", "0Quiz", "{76FE5929-189B-4802-BFB6-68471542C634}"
EndProject
Project("{8BC9CEB8-8B4A-11D0-8D11-00A0C91BC942}") = "사전테스트_벽화마을", "quiz_preTest\quiz_preTest.vcxproj", "{2704D695-BE7F-46EA-AB2A-928F67471B40}"
EndProject
Project("{8BC9CEB8-8B4A-11D0-8D11-00A0C91BC942}") = "사전테스트_암호", "사전테스트_암호\사전테스트_암호.vcxproj", "{28C754B6-3229-47F1-92EF-3DA1E9D6D17D}"
EndProject
Project("{8BC9CEB8-8B4A-11D0-8D11-00A0C91BC942}") = "사전테스트_윷놀이", "사전테스트_윷놀이\사전테스트_윷놀이.vcxproj", "{FE1D6FBE-106D-4028-AB0A-0EA113B112F4}"
EndProject
Project("{8BC9CEB8-8B4A-11D0-8D11-00A0C91BC942}") = "사전테스트_앵무새", "사전테스트_앵무새\사전테스트_앵무새.vcxproj", "{74396B3A-9D38-42FB-8BE4-3751D5D58C15}"
EndProject
Project("{8BC9CEB8-8B4A-11D0-8D11-00A0C91BC942}") = "사전테스트_구간의수", "사전테스트_구간의수\사전테스트_구간의수.vcxproj", "{C1310EA0-2BAC-42E2-9AAF-F628ABA47ACD}"
EndProject
Project("{8BC9CEB8-8B4A-11D0-8D11-00A0C91BC942}") = "0_연습", "0_연습\0_연습.vcxproj", "{113D923D-60A9-414A-8D52-03CD101915D1}"
EndProject
Project("{8BC9CEB8-8B4A-11D0-8D11-00A0C91BC942}") = "lecture0005팩토리얼큰숫자", "lecture0005팩토리얼큰숫자\lecture0005팩토리얼큰숫자.vcxproj", "{A23F6C16-61B8-4CF9-8ED9-61FEC50821D8}"
EndProject
Project("{8BC9CEB8-8B4A-11D0-8D11-00A0C91BC942}") = "사전테스트_배열_인덱스", "사전테스트_배열_인덱스\사전테스트_배열_인덱스.vcxproj", "{FA17944F-3B96-4D27-AC46-D8D2B60EE1B1}"
EndProject
Project("{8BC9CEB8-8B4A-11D0-8D11-00A0C91BC942}") = "lecture0007파일입출력_합계", "lecture0006파일입출력_합계\lecture0006파일입출력_합계.vcxproj", "{D6679F8C-2931-4F70-867F-A2F89C983D8F}"
EndProject
Project("{8BC9CEB8-8B4A-11D0-8D11-00A0C91BC942}") = "lecture0011singlelinkedlist", "lecture0011singlelinkedlist\lecture0011singlelinkedlist.vcxproj", "{FBC5A5CC-F45B-4993-8625-0EDA6E777922}"
EndProject
Project("{8BC9CEB8-8B4A-11D0-8D11-00A0C91BC942}") = "lecture0100DP피보나치", "lecture0100DP피보나치\lecture0100DP피보나치.vcxproj", "{F100572F-C01B-439E-BB2E-7D8F2122E1C2}"
EndProject
Project("{8BC9CEB8-8B4A-11D0-8D11-00A0C91BC942}") = "lecture0017암호과제제출", "lecture0017암호과제제출\lecture0017암호과제제출.vcxproj", "{B8D2CD37-45D5-4534-88ED-82E398CF5501}"
EndProject
Project("{8BC9CEB8-8B4A-11D0-8D11-00A0C91BC942}") = "lecture0102막대자르기드럼통", "lecture0102막대자르기드럼통\lecture0102막대자르기드럼통.vcxproj", "{95565ADB-BD71-40C8-BD92-C5DDACD68F0B}"
EndProject
Project("{8BC9CEB8-8B4A-11D0-8D11-00A0C91BC942}") = "lecture0025stack", "lecture0025stack\lecture0025stack.vcxproj", "{DC2E8ADE-ABB1-4CD9-9043-EE93043A3E68}"
EndProject
Project("{8BC9CEB8-8B4A-11D0-8D11-00A0C91BC942}") = "lecture0025stackstruct", "lecture0025stackstruct\lecture0025stackstruct.vcxproj", "{4402D5C8-0CD6-4DE3-B280-E5955C10191A}"
EndProject
Project("{8BC9CEB8-8B4A-11D0-8D11-00A0C91BC942}") = "lecture0103DP벽돌타일", "lecture0103DP벽돌타일\lecture0103DP벽돌타일.vcxproj", "{263CDEA5-B80B-43DF-8954-1979AC5854AF}"
EndProject
Project("{8BC9CEB8-8B4A-11D0-8D11-00A0C91BC942}") = "최대공약수구하기", "최대공약수구하기\최대공약수구하기.vcxproj", "{E90FEB8F-75CC-4529-99CD-7154E9892055}"
EndProject
Project("{8BC9CEB8-8B4A-11D0-8D11-00A0C91BC942}") = "중간테스트_화폐", "중간테스트_화폐\중간테스트_화폐.vcxproj", "{8701FC8B-6CFF-4C11-A66B-089CF1D5E5BF}"
EndProject
Project("{8BC9CEB8-8B4A-11D0-8D11-00A0C91BC942}") = "중간테스트_추의합", "중간테스트_추의합\중간테스트_추의합.vcxproj", "{8D30480D-E6AF-4624-92FE-20839EDF3123}"
EndProject
Project("{8BC9CEB8-8B4A-11D0-8D11-00A0C91BC942}") = "lecture0026queue", "lecture0026queue\lecture0026queue.vcxproj", "{146BE13F-646A-48DA-AAD0-644BA9D45EBD}"
EndProject
Project("{8BC9CEB8-8B4A-11D0-8D11-00A0C91BC942}") = "k진법변환", "k진법변환\k진법변환.vcxproj", "{4518EB24-9F93-4915-84A6-A48903DEDED4}"
EndProject
Project("{8BC9CEB8-8B4A-11D0-8D11-00A0C91BC942}") = "lecture0027deque_이중연결리스트", "lecture0026deque_이중연결리스트\lecture0026deque_이중연결리스트.vcxproj", "{3A4AB424-8F84-4A83-A259-13F0BBC5B04D}"
EndProject
Project("{8BC9CEB8-8B4A-11D0-8D11-00A0C91BC942}") = "lecture0026Queue1", "lecture0026Queue1\lecture0026Queue1.vcxproj", "{BEDC6124-1105-47E8-854D-E98E5AD93036}"
EndProject
Project("{8BC9CEB8-8B4A-11D0-8D11-00A0C91BC942}") = "퀴즈_거꾸로숫자", "퀴즈_거꾸로숫자\퀴즈_거꾸로숫자.vcxproj", "{E547A786-380F-4C73-BE2F-49C7F68661F2}"
EndProject
Project("{2150E333-8FDC-42A3-9474-1A3956D46DE8}") = "4_C++입문", "4_C++입문", "{34BB60B7-87D4-4E05-A65C-101990A29C13}"
EndProject
Project("{8BC9CEB8-8B4A-11D0-8D11-00A0C91BC942}") = "lecture0205클래스circle", "lecture0200\lecture0200.vcxproj", "{D5F25F97-B0FC-42EF-8F44-2FC2D5BF5B45}"
EndProject
Project("{8BC9CEB8-8B4A-11D0-8D11-00A0C91BC942}") = "lecture0200HelloWorld", "Project입출력\Project입출력.vcxproj", "{CFA076FA-2AE2-438C-A44F-DDB50C72E69A}"
EndProject
Project("{2150E333-8FDC-42A3-9474-1A3956D46DE8}") = "5_프로젝트 활동", "5_프로젝트 활동", "{80A23B22-C5E2-4C72-BAF2-C2D7BFF6E48C}"
EndProject
Project("{8BC9CEB8-8B4A-11D0-8D11-00A0C91BC942}") = "Project입학성적산출-turboc", "Project입학성적산출\Project입학성적산출.vcxproj", "{09406EFA-06B1-4B75-9A99-76D839987E56}"
EndProject
Project("{8BC9CEB8-8B4A-11D0-8D11-00A0C91BC942}") = "lecture0200setcursor-아직못찾음", "lecture0021setcursor\lecture0021setcursor.vcxproj", "{5AE70A15-62D6-487B-B369-D28127625E49}"
EndProject
Project("{8BC9CEB8-8B4A-11D0-8D11-00A0C91BC942}") = "lecture0203기초성적표관리", "lecture0203기초성적표관리\lecture0203기초성적표관리.vcxproj", "{FA303ECF-B834-45E0-9281-7CF2E6F727E3}"
EndProject
Project("{8BC9CEB8-8B4A-11D0-8D11-00A0C91BC942}") = "lecture0201cincout", "lecture0201cincout\lecture0201cincout.vcxproj", "{2ACA1044-F517-49B9-8650-8C5326A108E9}"
EndProject
Project("{8BC9CEB8-8B4A-11D0-8D11-00A0C91BC942}") = "lecture0202setw", "lecture0202setw\lecture0202setw.vcxproj", "{7BD775E8-819F-4717-AB3C-2BCC7EC74F42}"
EndProject
Project("{8BC9CEB8-8B4A-11D0-8D11-00A0C91BC942}") = "lecture0201stringreverse", "lecture0201stringreverse\lecture0201stringreverse.vcxproj", "{7A39FFD6-C73C-438D-93AC-0C008E7F243E}"
EndProject
Project("{8BC9CEB8-8B4A-11D0-8D11-00A0C91BC942}") = "lecture0201numberreverse", "lecture0201numberreverse\lecture0201numberreverse.vcxproj", "{A6359385-A6F8-4920-A26F-7CC8333137C2}"
EndProject
Project("{8BC9CEB8-8B4A-11D0-8D11-00A0C91BC942}") = "lecture02100adjacent_find", "lecture02100adjacent_find\lecture02100adjacent_find.vcxproj", "{8B8CC3F5-6D5E-4BC0-ACBE-FB82AA855B2B}"
EndProject
Project("{8BC9CEB8-8B4A-11D0-8D11-00A0C91BC942}") = "lecture0110cppTreeTraverse", "lecture0110cppTreeTraverse\lecture0110cppTreeTraverse.vcxproj", "{3CA5DFA4-7669-4AA7-98B0-23BAEB4E9E77}"
EndProject
Project("{8BC9CEB8-8B4A-11D0-8D11-00A0C91BC942}") = "lecture0203클래스성적표관리", "lecture203클래스성적표관리\lecture203클래스성적표관리.vcxproj", "{0A199CEE-D14E-4699-B76A-0B1C4C954F1B}"
EndProject
Project("{8BC9CEB8-8B4A-11D0-8D11-00A0C91BC942}") = "퀴즈 약수", "퀴즈 약수\퀴즈 약수.vcxproj", "{90B67462-F762-42E1-AEA9-5D3647911F3C}"
EndProject
Project("{8BC9CEB8-8B4A-11D0-8D11-00A0C91BC942}") = "퀴즈 삼각형만들기", "퀴즈 삼각형만들기\퀴즈 삼각형만들기.vcxproj", "{CBB87F3A-BDFD-4E1D-9E6E-0802C17E3DED}"
EndProject
Project("{8BC9CEB8-8B4A-11D0-8D11-00A0C91BC942}") = "lecture0100Quicksort", "lecture0100Quicksort\lecture0100Quicksort.vcxproj", "{CBEB2393-17AB-419C-BEE1-DE7CF064EFA5}"
EndProject
Project("{8BC9CEB8-8B4A-11D0-8D11-00A0C91BC942}") = "퀴즈고기잡이", "퀴즈고기잡이\퀴즈고기잡이.vcxproj", "{FF0E2F3C-5BE5-49DE-9D94-01393F2776CD}"
EndProject
Project("{8BC9CEB8-8B4A-11D0-8D11-00A0C91BC942}") = "lecture0204classTV", "lecture0204classTV\lecture0204classTV.vcxproj", "{F1AF4DE5-1AF3-48B4-86F7-951AA3A03992}"
EndProject
Project("{8BC9CEB8-8B4A-11D0-8D11-00A0C91BC942}") = "lecture0206Employee", "lecture0206Employee\lecture0206Employee.vcxproj", "{0141F3C1-9A57-43BF-A053-DCDE7B261A8C}"
EndProject
Project("{8BC9CEB8-8B4A-11D0-8D11-00A0C91BC942}") = "퀴즈바이러스백신", "퀴즈바이러스백신\퀴즈바이러스백신.vcxproj", "{FA866D2E-294A-4669-8345-D85C2C1E8B53}"
EndProject
Project("{8BC9CEB8-8B4A-11D0-8D11-00A0C91BC942}") = "퀴즈회문암호", "퀴즈회문암호\퀴즈회문암호.vcxproj", "{03B22A00-C037-4668-A1FD-2AFC64357AE7}"
EndProject
Project("{8BC9CEB8-8B4A-11D0-8D11-00A0C91BC942}") = "lecture0207STLVectorBFS", "lecture0207STLVectorBFS\lecture0207STLVectorBFS.vcxproj", "{03F8BF55-7C83-42F7-BFEA-E9BA3320277E}"
EndProject
Project("{8BC9CEB8-8B4A-11D0-8D11-00A0C91BC942}") = "lecture0206STLVectorStack", "lecture0206STLVectorStack\lecture0206STLVectorStack.vcxproj", "{87AD118A-BCEF-42CC-A2A5-35CEE036350A}"
EndProject
Project("{8BC9CEB8-8B4A-11D0-8D11-00A0C91BC942}") = "시험코드따라기기0001", "시험코드따라기기0001\시험코드따라기기0001.vcxproj", "{07ED4768-A38F-42E7-8817-D4B68A5390EB}"
EndProject
Project("{8BC9CEB8-8B4A-11D0-8D11-00A0C91BC942}") = "시험코드따라기가0002반복패턴", "시험코드따라기가0002반복패턴\시험코드따라기가0002반복패턴.vcxproj", "{A1AD2336-EDC3-4654-9C88-A7463B0AFFF6}"
EndProject
Project("{8BC9CEB8-8B4A-11D0-8D11-00A0C91BC942}") = "lecture0000기초1", "lecture0000기초1\lecture0000기초1.vcxproj", "{260EAAA7-6374-4B78-9C6D-8AF35439B6DD}"
EndProject
Global
	GlobalSection(SolutionConfigurationPlatforms) = preSolution
		Debug|Any CPU = Debug|Any CPU
		Debug|x64 = Debug|x64
		Debug|x86 = Debug|x86
		Release|Any CPU = Release|Any CPU
		Release|x64 = Release|x64
		Release|x86 = Release|x86
	EndGlobalSection
	GlobalSection(ProjectConfigurationPlatforms) = postSolution
		{EED25995-3F4E-4F2D-B846-B78A4B4879B7}.Debug|Any CPU.ActiveCfg = Debug|Win32
		{EED25995-3F4E-4F2D-B846-B78A4B4879B7}.Debug|x64.ActiveCfg = Debug|x64
		{EED25995-3F4E-4F2D-B846-B78A4B4879B7}.Debug|x64.Build.0 = Debug|x64
		{EED25995-3F4E-4F2D-B846-B78A4B4879B7}.Debug|x86.ActiveCfg = Debug|Win32
		{EED25995-3F4E-4F2D-B846-B78A4B4879B7}.Debug|x86.Build.0 = Debug|Win32
		{EED25995-3F4E-4F2D-B846-B78A4B4879B7}.Release|Any CPU.ActiveCfg = Release|Win32
		{EED25995-3F4E-4F2D-B846-B78A4B4879B7}.Release|x64.ActiveCfg = Release|x64
		{EED25995-3F4E-4F2D-B846-B78A4B4879B7}.Release|x64.Build.0 = Release|x64
		{EED25995-3F4E-4F2D-B846-B78A4B4879B7}.Release|x86.ActiveCfg = Release|Win32
		{EED25995-3F4E-4F2D-B846-B78A4B4879B7}.Release|x86.Build.0 = Release|Win32
		{9F44E0DD-56D4-4153-A45D-B1CD07414407}.Debug|Any CPU.ActiveCfg = Debug|Win32
		{9F44E0DD-56D4-4153-A45D-B1CD07414407}.Debug|x64.ActiveCfg = Debug|x64
		{9F44E0DD-56D4-4153-A45D-B1CD07414407}.Debug|x64.Build.0 = Debug|x64
		{9F44E0DD-56D4-4153-A45D-B1CD07414407}.Debug|x86.ActiveCfg = Debug|Win32
		{9F44E0DD-56D4-4153-A45D-B1CD07414407}.Debug|x86.Build.0 = Debug|Win32
		{9F44E0DD-56D4-4153-A45D-B1CD07414407}.Release|Any CPU.ActiveCfg = Release|Win32
		{9F44E0DD-56D4-4153-A45D-B1CD07414407}.Release|x64.ActiveCfg = Release|x64
		{9F44E0DD-56D4-4153-A45D-B1CD07414407}.Release|x64.Build.0 = Release|x64
		{9F44E0DD-56D4-4153-A45D-B1CD07414407}.Release|x86.ActiveCfg = Release|Win32
		{9F44E0DD-56D4-4153-A45D-B1CD07414407}.Release|x86.Build.0 = Release|Win32
		{38CF3083-D63A-4E59-8F2B-0EC118393CB3}.Debug|Any CPU.ActiveCfg = Debug|Win32
		{38CF3083-D63A-4E59-8F2B-0EC118393CB3}.Debug|x64.ActiveCfg = Debug|x64
		{38CF3083-D63A-4E59-8F2B-0EC118393CB3}.Debug|x64.Build.0 = Debug|x64
		{38CF3083-D63A-4E59-8F2B-0EC118393CB3}.Debug|x86.ActiveCfg = Debug|Win32
		{38CF3083-D63A-4E59-8F2B-0EC118393CB3}.Debug|x86.Build.0 = Debug|Win32
		{38CF3083-D63A-4E59-8F2B-0EC118393CB3}.Release|Any CPU.ActiveCfg = Release|Win32
		{38CF3083-D63A-4E59-8F2B-0EC118393CB3}.Release|x64.ActiveCfg = Release|x64
		{38CF3083-D63A-4E59-8F2B-0EC118393CB3}.Release|x64.Build.0 = Release|x64
		{38CF3083-D63A-4E59-8F2B-0EC118393CB3}.Release|x86.ActiveCfg = Release|Win32
		{38CF3083-D63A-4E59-8F2B-0EC118393CB3}.Release|x86.Build.0 = Release|Win32
		{56D66102-5D45-43B8-9180-6818B4CB7032}.Debug|Any CPU.ActiveCfg = Debug|Win32
		{56D66102-5D45-43B8-9180-6818B4CB7032}.Debug|x64.ActiveCfg = Debug|x64
		{56D66102-5D45-43B8-9180-6818B4CB7032}.Debug|x64.Build.0 = Debug|x64
		{56D66102-5D45-43B8-9180-6818B4CB7032}.Debug|x86.ActiveCfg = Debug|Win32
		{56D66102-5D45-43B8-9180-6818B4CB7032}.Debug|x86.Build.0 = Debug|Win32
		{56D66102-5D45-43B8-9180-6818B4CB7032}.Release|Any CPU.ActiveCfg = Release|Win32
		{56D66102-5D45-43B8-9180-6818B4CB7032}.Release|x64.ActiveCfg = Release|x64
		{56D66102-5D45-43B8-9180-6818B4CB7032}.Release|x64.Build.0 = Release|x64
		{56D66102-5D45-43B8-9180-6818B4CB7032}.Release|x86.ActiveCfg = Release|Win32
		{56D66102-5D45-43B8-9180-6818B4CB7032}.Release|x86.Build.0 = Release|Win32
		{551AB631-77FE-4D1D-B194-9554E6C99F30}.Debug|Any CPU.ActiveCfg = Debug|Win32
		{551AB631-77FE-4D1D-B194-9554E6C99F30}.Debug|x64.ActiveCfg = Debug|x64
		{551AB631-77FE-4D1D-B194-9554E6C99F30}.Debug|x64.Build.0 = Debug|x64
		{551AB631-77FE-4D1D-B194-9554E6C99F30}.Debug|x86.ActiveCfg = Debug|Win32
		{551AB631-77FE-4D1D-B194-9554E6C99F30}.Debug|x86.Build.0 = Debug|Win32
		{551AB631-77FE-4D1D-B194-9554E6C99F30}.Release|Any CPU.ActiveCfg = Release|Win32
		{551AB631-77FE-4D1D-B194-9554E6C99F30}.Release|x64.ActiveCfg = Release|x64
		{551AB631-77FE-4D1D-B194-9554E6C99F30}.Release|x64.Build.0 = Release|x64
		{551AB631-77FE-4D1D-B194-9554E6C99F30}.Release|x86.ActiveCfg = Release|Win32
		{551AB631-77FE-4D1D-B194-9554E6C99F30}.Release|x86.Build.0 = Release|Win32
		{C71B65D8-B9D8-4DC1-B248-86EDFC1A970D}.Debug|Any CPU.ActiveCfg = Debug|Win32
		{C71B65D8-B9D8-4DC1-B248-86EDFC1A970D}.Debug|x64.ActiveCfg = Debug|x64
		{C71B65D8-B9D8-4DC1-B248-86EDFC1A970D}.Debug|x64.Build.0 = Debug|x64
		{C71B65D8-B9D8-4DC1-B248-86EDFC1A970D}.Debug|x86.ActiveCfg = Debug|Win32
		{C71B65D8-B9D8-4DC1-B248-86EDFC1A970D}.Debug|x86.Build.0 = Debug|Win32
		{C71B65D8-B9D8-4DC1-B248-86EDFC1A970D}.Release|Any CPU.ActiveCfg = Release|Win32
		{C71B65D8-B9D8-4DC1-B248-86EDFC1A970D}.Release|x64.ActiveCfg = Release|x64
		{C71B65D8-B9D8-4DC1-B248-86EDFC1A970D}.Release|x64.Build.0 = Release|x64
		{C71B65D8-B9D8-4DC1-B248-86EDFC1A970D}.Release|x86.ActiveCfg = Release|Win32
		{C71B65D8-B9D8-4DC1-B248-86EDFC1A970D}.Release|x86.Build.0 = Release|Win32
		{1E3DDD48-6949-4862-94D3-3325BE5891F3}.Debug|Any CPU.ActiveCfg = Debug|Win32
		{1E3DDD48-6949-4862-94D3-3325BE5891F3}.Debug|x64.ActiveCfg = Debug|x64
		{1E3DDD48-6949-4862-94D3-3325BE5891F3}.Debug|x64.Build.0 = Debug|x64
		{1E3DDD48-6949-4862-94D3-3325BE5891F3}.Debug|x86.ActiveCfg = Debug|Win32
		{1E3DDD48-6949-4862-94D3-3325BE5891F3}.Debug|x86.Build.0 = Debug|Win32
		{1E3DDD48-6949-4862-94D3-3325BE5891F3}.Release|Any CPU.ActiveCfg = Release|Win32
		{1E3DDD48-6949-4862-94D3-3325BE5891F3}.Release|x64.ActiveCfg = Release|x64
		{1E3DDD48-6949-4862-94D3-3325BE5891F3}.Release|x64.Build.0 = Release|x64
		{1E3DDD48-6949-4862-94D3-3325BE5891F3}.Release|x86.ActiveCfg = Release|Win32
		{1E3DDD48-6949-4862-94D3-3325BE5891F3}.Release|x86.Build.0 = Release|Win32
		{0A50829F-5943-4220-833B-B23DAC8EB0BE}.Debug|Any CPU.ActiveCfg = Debug|Win32
		{0A50829F-5943-4220-833B-B23DAC8EB0BE}.Debug|x64.ActiveCfg = Debug|x64
		{0A50829F-5943-4220-833B-B23DAC8EB0BE}.Debug|x64.Build.0 = Debug|x64
		{0A50829F-5943-4220-833B-B23DAC8EB0BE}.Debug|x86.ActiveCfg = Debug|Win32
		{0A50829F-5943-4220-833B-B23DAC8EB0BE}.Debug|x86.Build.0 = Debug|Win32
		{0A50829F-5943-4220-833B-B23DAC8EB0BE}.Release|Any CPU.ActiveCfg = Release|Win32
		{0A50829F-5943-4220-833B-B23DAC8EB0BE}.Release|x64.ActiveCfg = Release|x64
		{0A50829F-5943-4220-833B-B23DAC8EB0BE}.Release|x64.Build.0 = Release|x64
		{0A50829F-5943-4220-833B-B23DAC8EB0BE}.Release|x86.ActiveCfg = Release|Win32
		{0A50829F-5943-4220-833B-B23DAC8EB0BE}.Release|x86.Build.0 = Release|Win32
		{6FA15732-D4DF-4390-BE94-66CF85D6B358}.Debug|Any CPU.ActiveCfg = Debug|Win32
		{6FA15732-D4DF-4390-BE94-66CF85D6B358}.Debug|x64.ActiveCfg = Debug|x64
		{6FA15732-D4DF-4390-BE94-66CF85D6B358}.Debug|x64.Build.0 = Debug|x64
		{6FA15732-D4DF-4390-BE94-66CF85D6B358}.Debug|x86.ActiveCfg = Debug|Win32
		{6FA15732-D4DF-4390-BE94-66CF85D6B358}.Debug|x86.Build.0 = Debug|Win32
		{6FA15732-D4DF-4390-BE94-66CF85D6B358}.Release|Any CPU.ActiveCfg = Release|Win32
		{6FA15732-D4DF-4390-BE94-66CF85D6B358}.Release|x64.ActiveCfg = Release|x64
		{6FA15732-D4DF-4390-BE94-66CF85D6B358}.Release|x64.Build.0 = Release|x64
		{6FA15732-D4DF-4390-BE94-66CF85D6B358}.Release|x86.ActiveCfg = Release|Win32
		{6FA15732-D4DF-4390-BE94-66CF85D6B358}.Release|x86.Build.0 = Release|Win32
		{99CE9A44-7CFF-4705-BD4B-0B9FB0302C36}.Debug|Any CPU.ActiveCfg = Debug|Win32
		{99CE9A44-7CFF-4705-BD4B-0B9FB0302C36}.Debug|x64.ActiveCfg = Debug|x64
		{99CE9A44-7CFF-4705-BD4B-0B9FB0302C36}.Debug|x64.Build.0 = Debug|x64
		{99CE9A44-7CFF-4705-BD4B-0B9FB0302C36}.Debug|x86.ActiveCfg = Debug|Win32
		{99CE9A44-7CFF-4705-BD4B-0B9FB0302C36}.Debug|x86.Build.0 = Debug|Win32
		{99CE9A44-7CFF-4705-BD4B-0B9FB0302C36}.Release|Any CPU.ActiveCfg = Release|Win32
		{99CE9A44-7CFF-4705-BD4B-0B9FB0302C36}.Release|x64.ActiveCfg = Release|x64
		{99CE9A44-7CFF-4705-BD4B-0B9FB0302C36}.Release|x64.Build.0 = Release|x64
		{99CE9A44-7CFF-4705-BD4B-0B9FB0302C36}.Release|x86.ActiveCfg = Release|Win32
		{99CE9A44-7CFF-4705-BD4B-0B9FB0302C36}.Release|x86.Build.0 = Release|Win32
		{3166B243-7F49-4031-97AD-40479188BE99}.Debug|Any CPU.ActiveCfg = Debug|Win32
		{3166B243-7F49-4031-97AD-40479188BE99}.Debug|x64.ActiveCfg = Debug|x64
		{3166B243-7F49-4031-97AD-40479188BE99}.Debug|x64.Build.0 = Debug|x64
		{3166B243-7F49-4031-97AD-40479188BE99}.Debug|x86.ActiveCfg = Debug|Win32
		{3166B243-7F49-4031-97AD-40479188BE99}.Debug|x86.Build.0 = Debug|Win32
		{3166B243-7F49-4031-97AD-40479188BE99}.Release|Any CPU.ActiveCfg = Release|Win32
		{3166B243-7F49-4031-97AD-40479188BE99}.Release|x64.ActiveCfg = Release|x64
		{3166B243-7F49-4031-97AD-40479188BE99}.Release|x64.Build.0 = Release|x64
		{3166B243-7F49-4031-97AD-40479188BE99}.Release|x86.ActiveCfg = Release|Win32
		{3166B243-7F49-4031-97AD-40479188BE99}.Release|x86.Build.0 = Release|Win32
		{96259AE6-73B1-4A09-BD99-E11EA55CAE62}.Debug|Any CPU.ActiveCfg = Debug|Win32
		{96259AE6-73B1-4A09-BD99-E11EA55CAE62}.Debug|x64.ActiveCfg = Debug|x64
		{96259AE6-73B1-4A09-BD99-E11EA55CAE62}.Debug|x64.Build.0 = Debug|x64
		{96259AE6-73B1-4A09-BD99-E11EA55CAE62}.Debug|x86.ActiveCfg = Debug|Win32
		{96259AE6-73B1-4A09-BD99-E11EA55CAE62}.Debug|x86.Build.0 = Debug|Win32
		{96259AE6-73B1-4A09-BD99-E11EA55CAE62}.Release|Any CPU.ActiveCfg = Release|Win32
		{96259AE6-73B1-4A09-BD99-E11EA55CAE62}.Release|x64.ActiveCfg = Release|x64
		{96259AE6-73B1-4A09-BD99-E11EA55CAE62}.Release|x64.Build.0 = Release|x64
		{96259AE6-73B1-4A09-BD99-E11EA55CAE62}.Release|x86.ActiveCfg = Release|Win32
		{96259AE6-73B1-4A09-BD99-E11EA55CAE62}.Release|x86.Build.0 = Release|Win32
		{CA7C239C-29E9-4954-AFA9-BBE8C8CF3E3E}.Debug|Any CPU.ActiveCfg = Debug|Win32
		{CA7C239C-29E9-4954-AFA9-BBE8C8CF3E3E}.Debug|x64.ActiveCfg = Debug|x64
		{CA7C239C-29E9-4954-AFA9-BBE8C8CF3E3E}.Debug|x64.Build.0 = Debug|x64
		{CA7C239C-29E9-4954-AFA9-BBE8C8CF3E3E}.Debug|x86.ActiveCfg = Debug|Win32
		{CA7C239C-29E9-4954-AFA9-BBE8C8CF3E3E}.Debug|x86.Build.0 = Debug|Win32
		{CA7C239C-29E9-4954-AFA9-BBE8C8CF3E3E}.Release|Any CPU.ActiveCfg = Release|Win32
		{CA7C239C-29E9-4954-AFA9-BBE8C8CF3E3E}.Release|x64.ActiveCfg = Release|x64
		{CA7C239C-29E9-4954-AFA9-BBE8C8CF3E3E}.Release|x64.Build.0 = Release|x64
		{CA7C239C-29E9-4954-AFA9-BBE8C8CF3E3E}.Release|x86.ActiveCfg = Release|Win32
		{CA7C239C-29E9-4954-AFA9-BBE8C8CF3E3E}.Release|x86.Build.0 = Release|Win32
		{23D3CF9F-1753-4F8C-B272-BAD2891FF2B4}.Debug|Any CPU.ActiveCfg = Debug|Win32
		{23D3CF9F-1753-4F8C-B272-BAD2891FF2B4}.Debug|x64.ActiveCfg = Debug|x64
		{23D3CF9F-1753-4F8C-B272-BAD2891FF2B4}.Debug|x64.Build.0 = Debug|x64
		{23D3CF9F-1753-4F8C-B272-BAD2891FF2B4}.Debug|x86.ActiveCfg = Debug|Win32
		{23D3CF9F-1753-4F8C-B272-BAD2891FF2B4}.Debug|x86.Build.0 = Debug|Win32
		{23D3CF9F-1753-4F8C-B272-BAD2891FF2B4}.Release|Any CPU.ActiveCfg = Release|Win32
		{23D3CF9F-1753-4F8C-B272-BAD2891FF2B4}.Release|x64.ActiveCfg = Release|x64
		{23D3CF9F-1753-4F8C-B272-BAD2891FF2B4}.Release|x64.Build.0 = Release|x64
		{23D3CF9F-1753-4F8C-B272-BAD2891FF2B4}.Release|x86.ActiveCfg = Release|Win32
		{23D3CF9F-1753-4F8C-B272-BAD2891FF2B4}.Release|x86.Build.0 = Release|Win32
		{06E226B2-F815-4BB0-8FEB-5D7F5BD4A27C}.Debug|Any CPU.ActiveCfg = Debug|Win32
		{06E226B2-F815-4BB0-8FEB-5D7F5BD4A27C}.Debug|x64.ActiveCfg = Debug|x64
		{06E226B2-F815-4BB0-8FEB-5D7F5BD4A27C}.Debug|x64.Build.0 = Debug|x64
		{06E226B2-F815-4BB0-8FEB-5D7F5BD4A27C}.Debug|x86.ActiveCfg = Debug|Win32
		{06E226B2-F815-4BB0-8FEB-5D7F5BD4A27C}.Debug|x86.Build.0 = Debug|Win32
		{06E226B2-F815-4BB0-8FEB-5D7F5BD4A27C}.Release|Any CPU.ActiveCfg = Release|Win32
		{06E226B2-F815-4BB0-8FEB-5D7F5BD4A27C}.Release|x64.ActiveCfg = Release|x64
		{06E226B2-F815-4BB0-8FEB-5D7F5BD4A27C}.Release|x64.Build.0 = Release|x64
		{06E226B2-F815-4BB0-8FEB-5D7F5BD4A27C}.Release|x86.ActiveCfg = Release|Win32
		{06E226B2-F815-4BB0-8FEB-5D7F5BD4A27C}.Release|x86.Build.0 = Release|Win32
		{678795A1-AD19-4BC9-9AA0-871F22701021}.Debug|Any CPU.ActiveCfg = Debug|Win32
		{678795A1-AD19-4BC9-9AA0-871F22701021}.Debug|x64.ActiveCfg = Debug|x64
		{678795A1-AD19-4BC9-9AA0-871F22701021}.Debug|x64.Build.0 = Debug|x64
		{678795A1-AD19-4BC9-9AA0-871F22701021}.Debug|x86.ActiveCfg = Debug|Win32
		{678795A1-AD19-4BC9-9AA0-871F22701021}.Debug|x86.Build.0 = Debug|Win32
		{678795A1-AD19-4BC9-9AA0-871F22701021}.Release|Any CPU.ActiveCfg = Release|Win32
		{678795A1-AD19-4BC9-9AA0-871F22701021}.Release|x64.ActiveCfg = Release|x64
		{678795A1-AD19-4BC9-9AA0-871F22701021}.Release|x64.Build.0 = Release|x64
		{678795A1-AD19-4BC9-9AA0-871F22701021}.Release|x86.ActiveCfg = Release|Win32
		{678795A1-AD19-4BC9-9AA0-871F22701021}.Release|x86.Build.0 = Release|Win32
		{D663B447-E9D1-4CE7-A42A-FEF65A26CADC}.Debug|Any CPU.ActiveCfg = Debug|Win32
		{D663B447-E9D1-4CE7-A42A-FEF65A26CADC}.Debug|x64.ActiveCfg = Debug|x64
		{D663B447-E9D1-4CE7-A42A-FEF65A26CADC}.Debug|x64.Build.0 = Debug|x64
		{D663B447-E9D1-4CE7-A42A-FEF65A26CADC}.Debug|x86.ActiveCfg = Debug|Win32
		{D663B447-E9D1-4CE7-A42A-FEF65A26CADC}.Debug|x86.Build.0 = Debug|Win32
		{D663B447-E9D1-4CE7-A42A-FEF65A26CADC}.Release|Any CPU.ActiveCfg = Release|Win32
		{D663B447-E9D1-4CE7-A42A-FEF65A26CADC}.Release|x64.ActiveCfg = Release|x64
		{D663B447-E9D1-4CE7-A42A-FEF65A26CADC}.Release|x64.Build.0 = Release|x64
		{D663B447-E9D1-4CE7-A42A-FEF65A26CADC}.Release|x86.ActiveCfg = Release|Win32
		{D663B447-E9D1-4CE7-A42A-FEF65A26CADC}.Release|x86.Build.0 = Release|Win32
		{A222C3F2-199D-4A5B-8678-C998F46FB34B}.Debug|Any CPU.ActiveCfg = Debug|Win32
		{A222C3F2-199D-4A5B-8678-C998F46FB34B}.Debug|x64.ActiveCfg = Debug|x64
		{A222C3F2-199D-4A5B-8678-C998F46FB34B}.Debug|x64.Build.0 = Debug|x64
		{A222C3F2-199D-4A5B-8678-C998F46FB34B}.Debug|x86.ActiveCfg = Debug|Win32
		{A222C3F2-199D-4A5B-8678-C998F46FB34B}.Debug|x86.Build.0 = Debug|Win32
		{A222C3F2-199D-4A5B-8678-C998F46FB34B}.Release|Any CPU.ActiveCfg = Release|Win32
		{A222C3F2-199D-4A5B-8678-C998F46FB34B}.Release|x64.ActiveCfg = Release|x64
		{A222C3F2-199D-4A5B-8678-C998F46FB34B}.Release|x64.Build.0 = Release|x64
		{A222C3F2-199D-4A5B-8678-C998F46FB34B}.Release|x86.ActiveCfg = Release|Win32
		{A222C3F2-199D-4A5B-8678-C998F46FB34B}.Release|x86.Build.0 = Release|Win32
		{87E05CB8-E2D5-43AA-BABF-FEA2BA2509E3}.Debug|Any CPU.ActiveCfg = Debug|Win32
		{87E05CB8-E2D5-43AA-BABF-FEA2BA2509E3}.Debug|x64.ActiveCfg = Debug|x64
		{87E05CB8-E2D5-43AA-BABF-FEA2BA2509E3}.Debug|x64.Build.0 = Debug|x64
		{87E05CB8-E2D5-43AA-BABF-FEA2BA2509E3}.Debug|x86.ActiveCfg = Debug|Win32
		{87E05CB8-E2D5-43AA-BABF-FEA2BA2509E3}.Debug|x86.Build.0 = Debug|Win32
		{87E05CB8-E2D5-43AA-BABF-FEA2BA2509E3}.Release|Any CPU.ActiveCfg = Release|Win32
		{87E05CB8-E2D5-43AA-BABF-FEA2BA2509E3}.Release|x64.ActiveCfg = Release|x64
		{87E05CB8-E2D5-43AA-BABF-FEA2BA2509E3}.Release|x64.Build.0 = Release|x64
		{87E05CB8-E2D5-43AA-BABF-FEA2BA2509E3}.Release|x86.ActiveCfg = Release|Win32
		{87E05CB8-E2D5-43AA-BABF-FEA2BA2509E3}.Release|x86.Build.0 = Release|Win32
		{4556D911-1EF7-4409-A680-9039DC3DF74F}.Debug|Any CPU.ActiveCfg = Debug|Win32
		{4556D911-1EF7-4409-A680-9039DC3DF74F}.Debug|x64.ActiveCfg = Debug|x64
		{4556D911-1EF7-4409-A680-9039DC3DF74F}.Debug|x64.Build.0 = Debug|x64
		{4556D911-1EF7-4409-A680-9039DC3DF74F}.Debug|x86.ActiveCfg = Debug|Win32
		{4556D911-1EF7-4409-A680-9039DC3DF74F}.Debug|x86.Build.0 = Debug|Win32
		{4556D911-1EF7-4409-A680-9039DC3DF74F}.Release|Any CPU.ActiveCfg = Release|Win32
		{4556D911-1EF7-4409-A680-9039DC3DF74F}.Release|x64.ActiveCfg = Release|x64
		{4556D911-1EF7-4409-A680-9039DC3DF74F}.Release|x64.Build.0 = Release|x64
		{4556D911-1EF7-4409-A680-9039DC3DF74F}.Release|x86.ActiveCfg = Release|Win32
		{4556D911-1EF7-4409-A680-9039DC3DF74F}.Release|x86.Build.0 = Release|Win32
		{66DDC4A7-269E-402E-AC4B-93650666E57B}.Debug|Any CPU.ActiveCfg = Debug|Win32
		{66DDC4A7-269E-402E-AC4B-93650666E57B}.Debug|x64.ActiveCfg = Debug|x64
		{66DDC4A7-269E-402E-AC4B-93650666E57B}.Debug|x64.Build.0 = Debug|x64
		{66DDC4A7-269E-402E-AC4B-93650666E57B}.Debug|x86.ActiveCfg = Debug|Win32
		{66DDC4A7-269E-402E-AC4B-93650666E57B}.Debug|x86.Build.0 = Debug|Win32
		{66DDC4A7-269E-402E-AC4B-93650666E57B}.Release|Any CPU.ActiveCfg = Release|Win32
		{66DDC4A7-269E-402E-AC4B-93650666E57B}.Release|x64.ActiveCfg = Release|x64
		{66DDC4A7-269E-402E-AC4B-93650666E57B}.Release|x64.Build.0 = Release|x64
		{66DDC4A7-269E-402E-AC4B-93650666E57B}.Release|x86.ActiveCfg = Release|Win32
		{66DDC4A7-269E-402E-AC4B-93650666E57B}.Release|x86.Build.0 = Release|Win32
		{BCBFAFFC-E1C6-4EED-850B-87DC2187E715}.Debug|Any CPU.ActiveCfg = Debug|Win32
		{BCBFAFFC-E1C6-4EED-850B-87DC2187E715}.Debug|x64.ActiveCfg = Debug|x64
		{BCBFAFFC-E1C6-4EED-850B-87DC2187E715}.Debug|x64.Build.0 = Debug|x64
		{BCBFAFFC-E1C6-4EED-850B-87DC2187E715}.Debug|x86.ActiveCfg = Debug|Win32
		{BCBFAFFC-E1C6-4EED-850B-87DC2187E715}.Debug|x86.Build.0 = Debug|Win32
		{BCBFAFFC-E1C6-4EED-850B-87DC2187E715}.Release|Any CPU.ActiveCfg = Release|Win32
		{BCBFAFFC-E1C6-4EED-850B-87DC2187E715}.Release|x64.ActiveCfg = Release|x64
		{BCBFAFFC-E1C6-4EED-850B-87DC2187E715}.Release|x64.Build.0 = Release|x64
		{BCBFAFFC-E1C6-4EED-850B-87DC2187E715}.Release|x86.ActiveCfg = Release|Win32
		{BCBFAFFC-E1C6-4EED-850B-87DC2187E715}.Release|x86.Build.0 = Release|Win32
		{9488A19D-FCAC-4535-91E2-D0DBE9E7FCBF}.Debug|Any CPU.ActiveCfg = Debug|Win32
		{9488A19D-FCAC-4535-91E2-D0DBE9E7FCBF}.Debug|x64.ActiveCfg = Debug|x64
		{9488A19D-FCAC-4535-91E2-D0DBE9E7FCBF}.Debug|x64.Build.0 = Debug|x64
		{9488A19D-FCAC-4535-91E2-D0DBE9E7FCBF}.Debug|x86.ActiveCfg = Debug|Win32
		{9488A19D-FCAC-4535-91E2-D0DBE9E7FCBF}.Debug|x86.Build.0 = Debug|Win32
		{9488A19D-FCAC-4535-91E2-D0DBE9E7FCBF}.Release|Any CPU.ActiveCfg = Release|Win32
		{9488A19D-FCAC-4535-91E2-D0DBE9E7FCBF}.Release|x64.ActiveCfg = Release|x64
		{9488A19D-FCAC-4535-91E2-D0DBE9E7FCBF}.Release|x64.Build.0 = Release|x64
		{9488A19D-FCAC-4535-91E2-D0DBE9E7FCBF}.Release|x86.ActiveCfg = Release|Win32
		{9488A19D-FCAC-4535-91E2-D0DBE9E7FCBF}.Release|x86.Build.0 = Release|Win32
		{62C9F5BF-EB6F-4C53-8F9C-B5C82C362C6C}.Debug|Any CPU.ActiveCfg = Debug|Win32
		{62C9F5BF-EB6F-4C53-8F9C-B5C82C362C6C}.Debug|x64.ActiveCfg = Debug|x64
		{62C9F5BF-EB6F-4C53-8F9C-B5C82C362C6C}.Debug|x64.Build.0 = Debug|x64
		{62C9F5BF-EB6F-4C53-8F9C-B5C82C362C6C}.Debug|x86.ActiveCfg = Debug|Win32
		{62C9F5BF-EB6F-4C53-8F9C-B5C82C362C6C}.Debug|x86.Build.0 = Debug|Win32
		{62C9F5BF-EB6F-4C53-8F9C-B5C82C362C6C}.Release|Any CPU.ActiveCfg = Release|Win32
		{62C9F5BF-EB6F-4C53-8F9C-B5C82C362C6C}.Release|x64.ActiveCfg = Release|x64
		{62C9F5BF-EB6F-4C53-8F9C-B5C82C362C6C}.Release|x64.Build.0 = Release|x64
		{62C9F5BF-EB6F-4C53-8F9C-B5C82C362C6C}.Release|x86.ActiveCfg = Release|Win32
		{62C9F5BF-EB6F-4C53-8F9C-B5C82C362C6C}.Release|x86.Build.0 = Release|Win32
		{F9B19EB5-580B-428B-ACA2-F4353092D910}.Debug|Any CPU.ActiveCfg = Debug|Win32
		{F9B19EB5-580B-428B-ACA2-F4353092D910}.Debug|x64.ActiveCfg = Debug|x64
		{F9B19EB5-580B-428B-ACA2-F4353092D910}.Debug|x64.Build.0 = Debug|x64
		{F9B19EB5-580B-428B-ACA2-F4353092D910}.Debug|x86.ActiveCfg = Debug|Win32
		{F9B19EB5-580B-428B-ACA2-F4353092D910}.Debug|x86.Build.0 = Debug|Win32
		{F9B19EB5-580B-428B-ACA2-F4353092D910}.Release|Any CPU.ActiveCfg = Release|Win32
		{F9B19EB5-580B-428B-ACA2-F4353092D910}.Release|x64.ActiveCfg = Release|x64
		{F9B19EB5-580B-428B-ACA2-F4353092D910}.Release|x64.Build.0 = Release|x64
		{F9B19EB5-580B-428B-ACA2-F4353092D910}.Release|x86.ActiveCfg = Release|Win32
		{F9B19EB5-580B-428B-ACA2-F4353092D910}.Release|x86.Build.0 = Release|Win32
		{78B6400F-8D45-4DD2-B3CB-AFFDF39932B2}.Debug|Any CPU.ActiveCfg = Debug|Win32
		{78B6400F-8D45-4DD2-B3CB-AFFDF39932B2}.Debug|x64.ActiveCfg = Debug|x64
		{78B6400F-8D45-4DD2-B3CB-AFFDF39932B2}.Debug|x64.Build.0 = Debug|x64
		{78B6400F-8D45-4DD2-B3CB-AFFDF39932B2}.Debug|x86.ActiveCfg = Debug|Win32
		{78B6400F-8D45-4DD2-B3CB-AFFDF39932B2}.Debug|x86.Build.0 = Debug|Win32
		{78B6400F-8D45-4DD2-B3CB-AFFDF39932B2}.Release|Any CPU.ActiveCfg = Release|Win32
		{78B6400F-8D45-4DD2-B3CB-AFFDF39932B2}.Release|x64.ActiveCfg = Release|x64
		{78B6400F-8D45-4DD2-B3CB-AFFDF39932B2}.Release|x64.Build.0 = Release|x64
		{78B6400F-8D45-4DD2-B3CB-AFFDF39932B2}.Release|x86.ActiveCfg = Release|Win32
		{78B6400F-8D45-4DD2-B3CB-AFFDF39932B2}.Release|x86.Build.0 = Release|Win32
		{BD1A8F37-55BC-4974-AF51-842BB440E162}.Debug|Any CPU.ActiveCfg = Debug|Win32
		{BD1A8F37-55BC-4974-AF51-842BB440E162}.Debug|x64.ActiveCfg = Debug|x64
		{BD1A8F37-55BC-4974-AF51-842BB440E162}.Debug|x64.Build.0 = Debug|x64
		{BD1A8F37-55BC-4974-AF51-842BB440E162}.Debug|x86.ActiveCfg = Debug|Win32
		{BD1A8F37-55BC-4974-AF51-842BB440E162}.Debug|x86.Build.0 = Debug|Win32
		{BD1A8F37-55BC-4974-AF51-842BB440E162}.Release|Any CPU.ActiveCfg = Release|Win32
		{BD1A8F37-55BC-4974-AF51-842BB440E162}.Release|x64.ActiveCfg = Release|x64
		{BD1A8F37-55BC-4974-AF51-842BB440E162}.Release|x64.Build.0 = Release|x64
		{BD1A8F37-55BC-4974-AF51-842BB440E162}.Release|x86.ActiveCfg = Release|Win32
		{BD1A8F37-55BC-4974-AF51-842BB440E162}.Release|x86.Build.0 = Release|Win32
		{39320F1C-A033-423F-9E5C-FB64260B7659}.Debug|Any CPU.ActiveCfg = Debug|Win32
		{39320F1C-A033-423F-9E5C-FB64260B7659}.Debug|x64.ActiveCfg = Debug|x64
		{39320F1C-A033-423F-9E5C-FB64260B7659}.Debug|x64.Build.0 = Debug|x64
		{39320F1C-A033-423F-9E5C-FB64260B7659}.Debug|x86.ActiveCfg = Debug|Win32
		{39320F1C-A033-423F-9E5C-FB64260B7659}.Debug|x86.Build.0 = Debug|Win32
		{39320F1C-A033-423F-9E5C-FB64260B7659}.Release|Any CPU.ActiveCfg = Release|Win32
		{39320F1C-A033-423F-9E5C-FB64260B7659}.Release|x64.ActiveCfg = Release|x64
		{39320F1C-A033-423F-9E5C-FB64260B7659}.Release|x64.Build.0 = Release|x64
		{39320F1C-A033-423F-9E5C-FB64260B7659}.Release|x86.ActiveCfg = Release|Win32
		{39320F1C-A033-423F-9E5C-FB64260B7659}.Release|x86.Build.0 = Release|Win32
		{22550B3C-1719-48FF-BFF0-594D39922835}.Debug|Any CPU.ActiveCfg = Debug|Win32
		{22550B3C-1719-48FF-BFF0-594D39922835}.Debug|x64.ActiveCfg = Debug|x64
		{22550B3C-1719-48FF-BFF0-594D39922835}.Debug|x64.Build.0 = Debug|x64
		{22550B3C-1719-48FF-BFF0-594D39922835}.Debug|x86.ActiveCfg = Debug|Win32
		{22550B3C-1719-48FF-BFF0-594D39922835}.Debug|x86.Build.0 = Debug|Win32
		{22550B3C-1719-48FF-BFF0-594D39922835}.Release|Any CPU.ActiveCfg = Release|Win32
		{22550B3C-1719-48FF-BFF0-594D39922835}.Release|x64.ActiveCfg = Release|x64
		{22550B3C-1719-48FF-BFF0-594D39922835}.Release|x64.Build.0 = Release|x64
		{22550B3C-1719-48FF-BFF0-594D39922835}.Release|x86.ActiveCfg = Release|Win32
		{22550B3C-1719-48FF-BFF0-594D39922835}.Release|x86.Build.0 = Release|Win32
		{B52D6A92-3D06-4315-890A-BFA867A7BC7F}.Debug|Any CPU.ActiveCfg = Debug|Win32
		{B52D6A92-3D06-4315-890A-BFA867A7BC7F}.Debug|x64.ActiveCfg = Debug|x64
		{B52D6A92-3D06-4315-890A-BFA867A7BC7F}.Debug|x64.Build.0 = Debug|x64
		{B52D6A92-3D06-4315-890A-BFA867A7BC7F}.Debug|x86.ActiveCfg = Debug|Win32
		{B52D6A92-3D06-4315-890A-BFA867A7BC7F}.Debug|x86.Build.0 = Debug|Win32
		{B52D6A92-3D06-4315-890A-BFA867A7BC7F}.Release|Any CPU.ActiveCfg = Release|Win32
		{B52D6A92-3D06-4315-890A-BFA867A7BC7F}.Release|x64.ActiveCfg = Release|x64
		{B52D6A92-3D06-4315-890A-BFA867A7BC7F}.Release|x64.Build.0 = Release|x64
		{B52D6A92-3D06-4315-890A-BFA867A7BC7F}.Release|x86.ActiveCfg = Release|Win32
		{B52D6A92-3D06-4315-890A-BFA867A7BC7F}.Release|x86.Build.0 = Release|Win32
		{A1DFB691-B3BA-4DCC-A025-4209DE2FE2A7}.Debug|Any CPU.ActiveCfg = Debug|Win32
		{A1DFB691-B3BA-4DCC-A025-4209DE2FE2A7}.Debug|x64.ActiveCfg = Debug|x64
		{A1DFB691-B3BA-4DCC-A025-4209DE2FE2A7}.Debug|x64.Build.0 = Debug|x64
		{A1DFB691-B3BA-4DCC-A025-4209DE2FE2A7}.Debug|x86.ActiveCfg = Debug|Win32
		{A1DFB691-B3BA-4DCC-A025-4209DE2FE2A7}.Debug|x86.Build.0 = Debug|Win32
		{A1DFB691-B3BA-4DCC-A025-4209DE2FE2A7}.Release|Any CPU.ActiveCfg = Release|Win32
		{A1DFB691-B3BA-4DCC-A025-4209DE2FE2A7}.Release|x64.ActiveCfg = Release|x64
		{A1DFB691-B3BA-4DCC-A025-4209DE2FE2A7}.Release|x64.Build.0 = Release|x64
		{A1DFB691-B3BA-4DCC-A025-4209DE2FE2A7}.Release|x86.ActiveCfg = Release|Win32
		{A1DFB691-B3BA-4DCC-A025-4209DE2FE2A7}.Release|x86.Build.0 = Release|Win32
		{33765035-9F7F-488A-A757-D6F6F50FB90C}.Debug|Any CPU.ActiveCfg = Debug|Win32
		{33765035-9F7F-488A-A757-D6F6F50FB90C}.Debug|x64.ActiveCfg = Debug|x64
		{33765035-9F7F-488A-A757-D6F6F50FB90C}.Debug|x64.Build.0 = Debug|x64
		{33765035-9F7F-488A-A757-D6F6F50FB90C}.Debug|x86.ActiveCfg = Debug|Win32
		{33765035-9F7F-488A-A757-D6F6F50FB90C}.Debug|x86.Build.0 = Debug|Win32
		{33765035-9F7F-488A-A757-D6F6F50FB90C}.Release|Any CPU.ActiveCfg = Release|Win32
		{33765035-9F7F-488A-A757-D6F6F50FB90C}.Release|x64.ActiveCfg = Release|x64
		{33765035-9F7F-488A-A757-D6F6F50FB90C}.Release|x64.Build.0 = Release|x64
		{33765035-9F7F-488A-A757-D6F6F50FB90C}.Release|x86.ActiveCfg = Release|Win32
		{33765035-9F7F-488A-A757-D6F6F50FB90C}.Release|x86.Build.0 = Release|Win32
		{2704D695-BE7F-46EA-AB2A-928F67471B40}.Debug|Any CPU.ActiveCfg = Debug|Win32
		{2704D695-BE7F-46EA-AB2A-928F67471B40}.Debug|x64.ActiveCfg = Debug|x64
		{2704D695-BE7F-46EA-AB2A-928F67471B40}.Debug|x64.Build.0 = Debug|x64
		{2704D695-BE7F-46EA-AB2A-928F67471B40}.Debug|x86.ActiveCfg = Debug|Win32
		{2704D695-BE7F-46EA-AB2A-928F67471B40}.Debug|x86.Build.0 = Debug|Win32
		{2704D695-BE7F-46EA-AB2A-928F67471B40}.Release|Any CPU.ActiveCfg = Release|Win32
		{2704D695-BE7F-46EA-AB2A-928F67471B40}.Release|x64.ActiveCfg = Release|x64
		{2704D695-BE7F-46EA-AB2A-928F67471B40}.Release|x64.Build.0 = Release|x64
		{2704D695-BE7F-46EA-AB2A-928F67471B40}.Release|x86.ActiveCfg = Release|Win32
		{2704D695-BE7F-46EA-AB2A-928F67471B40}.Release|x86.Build.0 = Release|Win32
		{28C754B6-3229-47F1-92EF-3DA1E9D6D17D}.Debug|Any CPU.ActiveCfg = Debug|Win32
		{28C754B6-3229-47F1-92EF-3DA1E9D6D17D}.Debug|x64.ActiveCfg = Debug|x64
		{28C754B6-3229-47F1-92EF-3DA1E9D6D17D}.Debug|x64.Build.0 = Debug|x64
		{28C754B6-3229-47F1-92EF-3DA1E9D6D17D}.Debug|x86.ActiveCfg = Debug|Win32
		{28C754B6-3229-47F1-92EF-3DA1E9D6D17D}.Debug|x86.Build.0 = Debug|Win32
		{28C754B6-3229-47F1-92EF-3DA1E9D6D17D}.Release|Any CPU.ActiveCfg = Release|Win32
		{28C754B6-3229-47F1-92EF-3DA1E9D6D17D}.Release|x64.ActiveCfg = Release|x64
		{28C754B6-3229-47F1-92EF-3DA1E9D6D17D}.Release|x64.Build.0 = Release|x64
		{28C754B6-3229-47F1-92EF-3DA1E9D6D17D}.Release|x86.ActiveCfg = Release|Win32
		{28C754B6-3229-47F1-92EF-3DA1E9D6D17D}.Release|x86.Build.0 = Release|Win32
		{FE1D6FBE-106D-4028-AB0A-0EA113B112F4}.Debug|Any CPU.ActiveCfg = Debug|Win32
		{FE1D6FBE-106D-4028-AB0A-0EA113B112F4}.Debug|x64.ActiveCfg = Debug|x64
		{FE1D6FBE-106D-4028-AB0A-0EA113B112F4}.Debug|x64.Build.0 = Debug|x64
		{FE1D6FBE-106D-4028-AB0A-0EA113B112F4}.Debug|x86.ActiveCfg = Debug|Win32
		{FE1D6FBE-106D-4028-AB0A-0EA113B112F4}.Debug|x86.Build.0 = Debug|Win32
		{FE1D6FBE-106D-4028-AB0A-0EA113B112F4}.Release|Any CPU.ActiveCfg = Release|Win32
		{FE1D6FBE-106D-4028-AB0A-0EA113B112F4}.Release|x64.ActiveCfg = Release|x64
		{FE1D6FBE-106D-4028-AB0A-0EA113B112F4}.Release|x64.Build.0 = Release|x64
		{FE1D6FBE-106D-4028-AB0A-0EA113B112F4}.Release|x86.ActiveCfg = Release|Win32
		{FE1D6FBE-106D-4028-AB0A-0EA113B112F4}.Release|x86.Build.0 = Release|Win32
		{74396B3A-9D38-42FB-8BE4-3751D5D58C15}.Debug|Any CPU.ActiveCfg = Debug|Win32
		{74396B3A-9D38-42FB-8BE4-3751D5D58C15}.Debug|x64.ActiveCfg = Debug|x64
		{74396B3A-9D38-42FB-8BE4-3751D5D58C15}.Debug|x64.Build.0 = Debug|x64
		{74396B3A-9D38-42FB-8BE4-3751D5D58C15}.Debug|x86.ActiveCfg = Debug|Win32
		{74396B3A-9D38-42FB-8BE4-3751D5D58C15}.Debug|x86.Build.0 = Debug|Win32
		{74396B3A-9D38-42FB-8BE4-3751D5D58C15}.Release|Any CPU.ActiveCfg = Release|Win32
		{74396B3A-9D38-42FB-8BE4-3751D5D58C15}.Release|x64.ActiveCfg = Release|x64
		{74396B3A-9D38-42FB-8BE4-3751D5D58C15}.Release|x64.Build.0 = Release|x64
		{74396B3A-9D38-42FB-8BE4-3751D5D58C15}.Release|x86.ActiveCfg = Release|Win32
		{74396B3A-9D38-42FB-8BE4-3751D5D58C15}.Release|x86.Build.0 = Release|Win32
		{C1310EA0-2BAC-42E2-9AAF-F628ABA47ACD}.Debug|Any CPU.ActiveCfg = Debug|Win32
		{C1310EA0-2BAC-42E2-9AAF-F628ABA47ACD}.Debug|x64.ActiveCfg = Debug|x64
		{C1310EA0-2BAC-42E2-9AAF-F628ABA47ACD}.Debug|x64.Build.0 = Debug|x64
		{C1310EA0-2BAC-42E2-9AAF-F628ABA47ACD}.Debug|x86.ActiveCfg = Debug|Win32
		{C1310EA0-2BAC-42E2-9AAF-F628ABA47ACD}.Debug|x86.Build.0 = Debug|Win32
		{C1310EA0-2BAC-42E2-9AAF-F628ABA47ACD}.Release|Any CPU.ActiveCfg = Release|Win32
		{C1310EA0-2BAC-42E2-9AAF-F628ABA47ACD}.Release|x64.ActiveCfg = Release|x64
		{C1310EA0-2BAC-42E2-9AAF-F628ABA47ACD}.Release|x64.Build.0 = Release|x64
		{C1310EA0-2BAC-42E2-9AAF-F628ABA47ACD}.Release|x86.ActiveCfg = Release|Win32
		{C1310EA0-2BAC-42E2-9AAF-F628ABA47ACD}.Release|x86.Build.0 = Release|Win32
		{113D923D-60A9-414A-8D52-03CD101915D1}.Debug|Any CPU.ActiveCfg = Debug|Win32
		{113D923D-60A9-414A-8D52-03CD101915D1}.Debug|x64.ActiveCfg = Debug|x64
		{113D923D-60A9-414A-8D52-03CD101915D1}.Debug|x64.Build.0 = Debug|x64
		{113D923D-60A9-414A-8D52-03CD101915D1}.Debug|x86.ActiveCfg = Debug|Win32
		{113D923D-60A9-414A-8D52-03CD101915D1}.Debug|x86.Build.0 = Debug|Win32
		{113D923D-60A9-414A-8D52-03CD101915D1}.Release|Any CPU.ActiveCfg = Release|Win32
		{113D923D-60A9-414A-8D52-03CD101915D1}.Release|x64.ActiveCfg = Release|x64
		{113D923D-60A9-414A-8D52-03CD101915D1}.Release|x64.Build.0 = Release|x64
		{113D923D-60A9-414A-8D52-03CD101915D1}.Release|x86.ActiveCfg = Release|Win32
		{113D923D-60A9-414A-8D52-03CD101915D1}.Release|x86.Build.0 = Release|Win32
		{A23F6C16-61B8-4CF9-8ED9-61FEC50821D8}.Debug|Any CPU.ActiveCfg = Debug|Win32
		{A23F6C16-61B8-4CF9-8ED9-61FEC50821D8}.Debug|x64.ActiveCfg = Debug|x64
		{A23F6C16-61B8-4CF9-8ED9-61FEC50821D8}.Debug|x64.Build.0 = Debug|x64
		{A23F6C16-61B8-4CF9-8ED9-61FEC50821D8}.Debug|x86.ActiveCfg = Debug|Win32
		{A23F6C16-61B8-4CF9-8ED9-61FEC50821D8}.Debug|x86.Build.0 = Debug|Win32
		{A23F6C16-61B8-4CF9-8ED9-61FEC50821D8}.Release|Any CPU.ActiveCfg = Release|Win32
		{A23F6C16-61B8-4CF9-8ED9-61FEC50821D8}.Release|x64.ActiveCfg = Release|x64
		{A23F6C16-61B8-4CF9-8ED9-61FEC50821D8}.Release|x64.Build.0 = Release|x64
		{A23F6C16-61B8-4CF9-8ED9-61FEC50821D8}.Release|x86.ActiveCfg = Release|Win32
		{A23F6C16-61B8-4CF9-8ED9-61FEC50821D8}.Release|x86.Build.0 = Release|Win32
		{FA17944F-3B96-4D27-AC46-D8D2B60EE1B1}.Debug|Any CPU.ActiveCfg = Debug|Win32
		{FA17944F-3B96-4D27-AC46-D8D2B60EE1B1}.Debug|x64.ActiveCfg = Debug|x64
		{FA17944F-3B96-4D27-AC46-D8D2B60EE1B1}.Debug|x64.Build.0 = Debug|x64
		{FA17944F-3B96-4D27-AC46-D8D2B60EE1B1}.Debug|x86.ActiveCfg = Debug|Win32
		{FA17944F-3B96-4D27-AC46-D8D2B60EE1B1}.Debug|x86.Build.0 = Debug|Win32
		{FA17944F-3B96-4D27-AC46-D8D2B60EE1B1}.Release|Any CPU.ActiveCfg = Release|Win32
		{FA17944F-3B96-4D27-AC46-D8D2B60EE1B1}.Release|x64.ActiveCfg = Release|x64
		{FA17944F-3B96-4D27-AC46-D8D2B60EE1B1}.Release|x64.Build.0 = Release|x64
		{FA17944F-3B96-4D27-AC46-D8D2B60EE1B1}.Release|x86.ActiveCfg = Release|Win32
		{FA17944F-3B96-4D27-AC46-D8D2B60EE1B1}.Release|x86.Build.0 = Release|Win32
		{D6679F8C-2931-4F70-867F-A2F89C983D8F}.Debug|Any CPU.ActiveCfg = Debug|Win32
		{D6679F8C-2931-4F70-867F-A2F89C983D8F}.Debug|x64.ActiveCfg = Debug|x64
		{D6679F8C-2931-4F70-867F-A2F89C983D8F}.Debug|x64.Build.0 = Debug|x64
		{D6679F8C-2931-4F70-867F-A2F89C983D8F}.Debug|x86.ActiveCfg = Debug|Win32
		{D6679F8C-2931-4F70-867F-A2F89C983D8F}.Debug|x86.Build.0 = Debug|Win32
		{D6679F8C-2931-4F70-867F-A2F89C983D8F}.Release|Any CPU.ActiveCfg = Release|Win32
		{D6679F8C-2931-4F70-867F-A2F89C983D8F}.Release|x64.ActiveCfg = Release|x64
		{D6679F8C-2931-4F70-867F-A2F89C983D8F}.Release|x64.Build.0 = Release|x64
		{D6679F8C-2931-4F70-867F-A2F89C983D8F}.Release|x86.ActiveCfg = Release|Win32
		{D6679F8C-2931-4F70-867F-A2F89C983D8F}.Release|x86.Build.0 = Release|Win32
		{FBC5A5CC-F45B-4993-8625-0EDA6E777922}.Debug|Any CPU.ActiveCfg = Debug|Win32
		{FBC5A5CC-F45B-4993-8625-0EDA6E777922}.Debug|x64.ActiveCfg = Debug|x64
		{FBC5A5CC-F45B-4993-8625-0EDA6E777922}.Debug|x64.Build.0 = Debug|x64
		{FBC5A5CC-F45B-4993-8625-0EDA6E777922}.Debug|x86.ActiveCfg = Debug|Win32
		{FBC5A5CC-F45B-4993-8625-0EDA6E777922}.Debug|x86.Build.0 = Debug|Win32
		{FBC5A5CC-F45B-4993-8625-0EDA6E777922}.Release|Any CPU.ActiveCfg = Release|Win32
		{FBC5A5CC-F45B-4993-8625-0EDA6E777922}.Release|x64.ActiveCfg = Release|x64
		{FBC5A5CC-F45B-4993-8625-0EDA6E777922}.Release|x64.Build.0 = Release|x64
		{FBC5A5CC-F45B-4993-8625-0EDA6E777922}.Release|x86.ActiveCfg = Release|Win32
		{FBC5A5CC-F45B-4993-8625-0EDA6E777922}.Release|x86.Build.0 = Release|Win32
		{F100572F-C01B-439E-BB2E-7D8F2122E1C2}.Debug|Any CPU.ActiveCfg = Debug|Win32
		{F100572F-C01B-439E-BB2E-7D8F2122E1C2}.Debug|x64.ActiveCfg = Debug|x64
		{F100572F-C01B-439E-BB2E-7D8F2122E1C2}.Debug|x64.Build.0 = Debug|x64
		{F100572F-C01B-439E-BB2E-7D8F2122E1C2}.Debug|x86.ActiveCfg = Debug|Win32
		{F100572F-C01B-439E-BB2E-7D8F2122E1C2}.Debug|x86.Build.0 = Debug|Win32
		{F100572F-C01B-439E-BB2E-7D8F2122E1C2}.Release|Any CPU.ActiveCfg = Release|Win32
		{F100572F-C01B-439E-BB2E-7D8F2122E1C2}.Release|x64.ActiveCfg = Release|x64
		{F100572F-C01B-439E-BB2E-7D8F2122E1C2}.Release|x64.Build.0 = Release|x64
		{F100572F-C01B-439E-BB2E-7D8F2122E1C2}.Release|x86.ActiveCfg = Release|Win32
		{F100572F-C01B-439E-BB2E-7D8F2122E1C2}.Release|x86.Build.0 = Release|Win32
		{B8D2CD37-45D5-4534-88ED-82E398CF5501}.Debug|Any CPU.ActiveCfg = Debug|Win32
		{B8D2CD37-45D5-4534-88ED-82E398CF5501}.Debug|x64.ActiveCfg = Debug|x64
		{B8D2CD37-45D5-4534-88ED-82E398CF5501}.Debug|x64.Build.0 = Debug|x64
		{B8D2CD37-45D5-4534-88ED-82E398CF5501}.Debug|x86.ActiveCfg = Debug|Win32
		{B8D2CD37-45D5-4534-88ED-82E398CF5501}.Debug|x86.Build.0 = Debug|Win32
		{B8D2CD37-45D5-4534-88ED-82E398CF5501}.Release|Any CPU.ActiveCfg = Release|Win32
		{B8D2CD37-45D5-4534-88ED-82E398CF5501}.Release|x64.ActiveCfg = Release|x64
		{B8D2CD37-45D5-4534-88ED-82E398CF5501}.Release|x64.Build.0 = Release|x64
		{B8D2CD37-45D5-4534-88ED-82E398CF5501}.Release|x86.ActiveCfg = Release|Win32
		{B8D2CD37-45D5-4534-88ED-82E398CF5501}.Release|x86.Build.0 = Release|Win32
		{95565ADB-BD71-40C8-BD92-C5DDACD68F0B}.Debug|Any CPU.ActiveCfg = Debug|Win32
		{95565ADB-BD71-40C8-BD92-C5DDACD68F0B}.Debug|x64.ActiveCfg = Debug|x64
		{95565ADB-BD71-40C8-BD92-C5DDACD68F0B}.Debug|x64.Build.0 = Debug|x64
		{95565ADB-BD71-40C8-BD92-C5DDACD68F0B}.Debug|x86.ActiveCfg = Debug|Win32
		{95565ADB-BD71-40C8-BD92-C5DDACD68F0B}.Debug|x86.Build.0 = Debug|Win32
		{95565ADB-BD71-40C8-BD92-C5DDACD68F0B}.Release|Any CPU.ActiveCfg = Release|Win32
		{95565ADB-BD71-40C8-BD92-C5DDACD68F0B}.Release|x64.ActiveCfg = Release|x64
		{95565ADB-BD71-40C8-BD92-C5DDACD68F0B}.Release|x64.Build.0 = Release|x64
		{95565ADB-BD71-40C8-BD92-C5DDACD68F0B}.Release|x86.ActiveCfg = Release|Win32
		{95565ADB-BD71-40C8-BD92-C5DDACD68F0B}.Release|x86.Build.0 = Release|Win32
		{DC2E8ADE-ABB1-4CD9-9043-EE93043A3E68}.Debug|Any CPU.ActiveCfg = Debug|Win32
		{DC2E8ADE-ABB1-4CD9-9043-EE93043A3E68}.Debug|x64.ActiveCfg = Debug|x64
		{DC2E8ADE-ABB1-4CD9-9043-EE93043A3E68}.Debug|x64.Build.0 = Debug|x64
		{DC2E8ADE-ABB1-4CD9-9043-EE93043A3E68}.Debug|x86.ActiveCfg = Debug|Win32
		{DC2E8ADE-ABB1-4CD9-9043-EE93043A3E68}.Debug|x86.Build.0 = Debug|Win32
		{DC2E8ADE-ABB1-4CD9-9043-EE93043A3E68}.Release|Any CPU.ActiveCfg = Release|Win32
		{DC2E8ADE-ABB1-4CD9-9043-EE93043A3E68}.Release|x64.ActiveCfg = Release|x64
		{DC2E8ADE-ABB1-4CD9-9043-EE93043A3E68}.Release|x64.Build.0 = Release|x64
		{DC2E8ADE-ABB1-4CD9-9043-EE93043A3E68}.Release|x86.ActiveCfg = Release|Win32
		{DC2E8ADE-ABB1-4CD9-9043-EE93043A3E68}.Release|x86.Build.0 = Release|Win32
		{4402D5C8-0CD6-4DE3-B280-E5955C10191A}.Debug|Any CPU.ActiveCfg = Debug|Win32
		{4402D5C8-0CD6-4DE3-B280-E5955C10191A}.Debug|x64.ActiveCfg = Debug|x64
		{4402D5C8-0CD6-4DE3-B280-E5955C10191A}.Debug|x64.Build.0 = Debug|x64
		{4402D5C8-0CD6-4DE3-B280-E5955C10191A}.Debug|x86.ActiveCfg = Debug|Win32
		{4402D5C8-0CD6-4DE3-B280-E5955C10191A}.Debug|x86.Build.0 = Debug|Win32
		{4402D5C8-0CD6-4DE3-B280-E5955C10191A}.Release|Any CPU.ActiveCfg = Release|Win32
		{4402D5C8-0CD6-4DE3-B280-E5955C10191A}.Release|x64.ActiveCfg = Release|x64
		{4402D5C8-0CD6-4DE3-B280-E5955C10191A}.Release|x64.Build.0 = Release|x64
		{4402D5C8-0CD6-4DE3-B280-E5955C10191A}.Release|x86.ActiveCfg = Release|Win32
		{4402D5C8-0CD6-4DE3-B280-E5955C10191A}.Release|x86.Build.0 = Release|Win32
		{263CDEA5-B80B-43DF-8954-1979AC5854AF}.Debug|Any CPU.ActiveCfg = Debug|Win32
		{263CDEA5-B80B-43DF-8954-1979AC5854AF}.Debug|x64.ActiveCfg = Debug|x64
		{263CDEA5-B80B-43DF-8954-1979AC5854AF}.Debug|x64.Build.0 = Debug|x64
		{263CDEA5-B80B-43DF-8954-1979AC5854AF}.Debug|x86.ActiveCfg = Debug|Win32
		{263CDEA5-B80B-43DF-8954-1979AC5854AF}.Debug|x86.Build.0 = Debug|Win32
		{263CDEA5-B80B-43DF-8954-1979AC5854AF}.Release|Any CPU.ActiveCfg = Release|Win32
		{263CDEA5-B80B-43DF-8954-1979AC5854AF}.Release|x64.ActiveCfg = Release|x64
		{263CDEA5-B80B-43DF-8954-1979AC5854AF}.Release|x64.Build.0 = Release|x64
		{263CDEA5-B80B-43DF-8954-1979AC5854AF}.Release|x86.ActiveCfg = Release|Win32
		{263CDEA5-B80B-43DF-8954-1979AC5854AF}.Release|x86.Build.0 = Release|Win32
		{E90FEB8F-75CC-4529-99CD-7154E9892055}.Debug|Any CPU.ActiveCfg = Debug|Win32
		{E90FEB8F-75CC-4529-99CD-7154E9892055}.Debug|x64.ActiveCfg = Debug|x64
		{E90FEB8F-75CC-4529-99CD-7154E9892055}.Debug|x64.Build.0 = Debug|x64
		{E90FEB8F-75CC-4529-99CD-7154E9892055}.Debug|x86.ActiveCfg = Debug|Win32
		{E90FEB8F-75CC-4529-99CD-7154E9892055}.Debug|x86.Build.0 = Debug|Win32
		{E90FEB8F-75CC-4529-99CD-7154E9892055}.Release|Any CPU.ActiveCfg = Release|Win32
		{E90FEB8F-75CC-4529-99CD-7154E9892055}.Release|x64.ActiveCfg = Release|x64
		{E90FEB8F-75CC-4529-99CD-7154E9892055}.Release|x64.Build.0 = Release|x64
		{E90FEB8F-75CC-4529-99CD-7154E9892055}.Release|x86.ActiveCfg = Release|Win32
		{E90FEB8F-75CC-4529-99CD-7154E9892055}.Release|x86.Build.0 = Release|Win32
		{8701FC8B-6CFF-4C11-A66B-089CF1D5E5BF}.Debug|Any CPU.ActiveCfg = Debug|Win32
		{8701FC8B-6CFF-4C11-A66B-089CF1D5E5BF}.Debug|x64.ActiveCfg = Debug|x64
		{8701FC8B-6CFF-4C11-A66B-089CF1D5E5BF}.Debug|x64.Build.0 = Debug|x64
		{8701FC8B-6CFF-4C11-A66B-089CF1D5E5BF}.Debug|x86.ActiveCfg = Debug|Win32
		{8701FC8B-6CFF-4C11-A66B-089CF1D5E5BF}.Debug|x86.Build.0 = Debug|Win32
		{8701FC8B-6CFF-4C11-A66B-089CF1D5E5BF}.Release|Any CPU.ActiveCfg = Release|Win32
		{8701FC8B-6CFF-4C11-A66B-089CF1D5E5BF}.Release|x64.ActiveCfg = Release|x64
		{8701FC8B-6CFF-4C11-A66B-089CF1D5E5BF}.Release|x64.Build.0 = Release|x64
		{8701FC8B-6CFF-4C11-A66B-089CF1D5E5BF}.Release|x86.ActiveCfg = Release|Win32
		{8701FC8B-6CFF-4C11-A66B-089CF1D5E5BF}.Release|x86.Build.0 = Release|Win32
		{8D30480D-E6AF-4624-92FE-20839EDF3123}.Debug|Any CPU.ActiveCfg = Debug|Win32
		{8D30480D-E6AF-4624-92FE-20839EDF3123}.Debug|x64.ActiveCfg = Debug|x64
		{8D30480D-E6AF-4624-92FE-20839EDF3123}.Debug|x64.Build.0 = Debug|x64
		{8D30480D-E6AF-4624-92FE-20839EDF3123}.Debug|x86.ActiveCfg = Debug|Win32
		{8D30480D-E6AF-4624-92FE-20839EDF3123}.Debug|x86.Build.0 = Debug|Win32
		{8D30480D-E6AF-4624-92FE-20839EDF3123}.Release|Any CPU.ActiveCfg = Release|Win32
		{8D30480D-E6AF-4624-92FE-20839EDF3123}.Release|x64.ActiveCfg = Release|x64
		{8D30480D-E6AF-4624-92FE-20839EDF3123}.Release|x64.Build.0 = Release|x64
		{8D30480D-E6AF-4624-92FE-20839EDF3123}.Release|x86.ActiveCfg = Release|Win32
		{8D30480D-E6AF-4624-92FE-20839EDF3123}.Release|x86.Build.0 = Release|Win32
		{146BE13F-646A-48DA-AAD0-644BA9D45EBD}.Debug|Any CPU.ActiveCfg = Debug|Win32
		{146BE13F-646A-48DA-AAD0-644BA9D45EBD}.Debug|x64.ActiveCfg = Debug|x64
		{146BE13F-646A-48DA-AAD0-644BA9D45EBD}.Debug|x64.Build.0 = Debug|x64
		{146BE13F-646A-48DA-AAD0-644BA9D45EBD}.Debug|x86.ActiveCfg = Debug|Win32
		{146BE13F-646A-48DA-AAD0-644BA9D45EBD}.Debug|x86.Build.0 = Debug|Win32
		{146BE13F-646A-48DA-AAD0-644BA9D45EBD}.Release|Any CPU.ActiveCfg = Release|Win32
		{146BE13F-646A-48DA-AAD0-644BA9D45EBD}.Release|x64.ActiveCfg = Release|x64
		{146BE13F-646A-48DA-AAD0-644BA9D45EBD}.Release|x64.Build.0 = Release|x64
		{146BE13F-646A-48DA-AAD0-644BA9D45EBD}.Release|x86.ActiveCfg = Release|Win32
		{146BE13F-646A-48DA-AAD0-644BA9D45EBD}.Release|x86.Build.0 = Release|Win32
		{4518EB24-9F93-4915-84A6-A48903DEDED4}.Debug|Any CPU.ActiveCfg = Debug|Win32
		{4518EB24-9F93-4915-84A6-A48903DEDED4}.Debug|x64.ActiveCfg = Debug|x64
		{4518EB24-9F93-4915-84A6-A48903DEDED4}.Debug|x64.Build.0 = Debug|x64
		{4518EB24-9F93-4915-84A6-A48903DEDED4}.Debug|x86.ActiveCfg = Debug|Win32
		{4518EB24-9F93-4915-84A6-A48903DEDED4}.Debug|x86.Build.0 = Debug|Win32
		{4518EB24-9F93-4915-84A6-A48903DEDED4}.Release|Any CPU.ActiveCfg = Release|Win32
		{4518EB24-9F93-4915-84A6-A48903DEDED4}.Release|x64.ActiveCfg = Release|x64
		{4518EB24-9F93-4915-84A6-A48903DEDED4}.Release|x64.Build.0 = Release|x64
		{4518EB24-9F93-4915-84A6-A48903DEDED4}.Release|x86.ActiveCfg = Release|Win32
		{4518EB24-9F93-4915-84A6-A48903DEDED4}.Release|x86.Build.0 = Release|Win32
		{3A4AB424-8F84-4A83-A259-13F0BBC5B04D}.Debug|Any CPU.ActiveCfg = Debug|Win32
		{3A4AB424-8F84-4A83-A259-13F0BBC5B04D}.Debug|x64.ActiveCfg = Debug|x64
		{3A4AB424-8F84-4A83-A259-13F0BBC5B04D}.Debug|x64.Build.0 = Debug|x64
		{3A4AB424-8F84-4A83-A259-13F0BBC5B04D}.Debug|x86.ActiveCfg = Debug|Win32
		{3A4AB424-8F84-4A83-A259-13F0BBC5B04D}.Debug|x86.Build.0 = Debug|Win32
		{3A4AB424-8F84-4A83-A259-13F0BBC5B04D}.Release|Any CPU.ActiveCfg = Release|Win32
		{3A4AB424-8F84-4A83-A259-13F0BBC5B04D}.Release|x64.ActiveCfg = Release|x64
		{3A4AB424-8F84-4A83-A259-13F0BBC5B04D}.Release|x64.Build.0 = Release|x64
		{3A4AB424-8F84-4A83-A259-13F0BBC5B04D}.Release|x86.ActiveCfg = Release|Win32
		{3A4AB424-8F84-4A83-A259-13F0BBC5B04D}.Release|x86.Build.0 = Release|Win32
		{BEDC6124-1105-47E8-854D-E98E5AD93036}.Debug|Any CPU.ActiveCfg = Debug|Win32
		{BEDC6124-1105-47E8-854D-E98E5AD93036}.Debug|x64.ActiveCfg = Debug|x64
		{BEDC6124-1105-47E8-854D-E98E5AD93036}.Debug|x64.Build.0 = Debug|x64
		{BEDC6124-1105-47E8-854D-E98E5AD93036}.Debug|x86.ActiveCfg = Debug|Win32
		{BEDC6124-1105-47E8-854D-E98E5AD93036}.Debug|x86.Build.0 = Debug|Win32
		{BEDC6124-1105-47E8-854D-E98E5AD93036}.Release|Any CPU.ActiveCfg = Release|Win32
		{BEDC6124-1105-47E8-854D-E98E5AD93036}.Release|x64.ActiveCfg = Release|x64
		{BEDC6124-1105-47E8-854D-E98E5AD93036}.Release|x64.Build.0 = Release|x64
		{BEDC6124-1105-47E8-854D-E98E5AD93036}.Release|x86.ActiveCfg = Release|Win32
		{BEDC6124-1105-47E8-854D-E98E5AD93036}.Release|x86.Build.0 = Release|Win32
		{E547A786-380F-4C73-BE2F-49C7F68661F2}.Debug|Any CPU.ActiveCfg = Debug|Win32
		{E547A786-380F-4C73-BE2F-49C7F68661F2}.Debug|x64.ActiveCfg = Debug|x64
		{E547A786-380F-4C73-BE2F-49C7F68661F2}.Debug|x64.Build.0 = Debug|x64
		{E547A786-380F-4C73-BE2F-49C7F68661F2}.Debug|x86.ActiveCfg = Debug|Win32
		{E547A786-380F-4C73-BE2F-49C7F68661F2}.Debug|x86.Build.0 = Debug|Win32
		{E547A786-380F-4C73-BE2F-49C7F68661F2}.Release|Any CPU.ActiveCfg = Release|Win32
		{E547A786-380F-4C73-BE2F-49C7F68661F2}.Release|x64.ActiveCfg = Release|x64
		{E547A786-380F-4C73-BE2F-49C7F68661F2}.Release|x64.Build.0 = Release|x64
		{E547A786-380F-4C73-BE2F-49C7F68661F2}.Release|x86.ActiveCfg = Release|Win32
		{E547A786-380F-4C73-BE2F-49C7F68661F2}.Release|x86.Build.0 = Release|Win32
		{D5F25F97-B0FC-42EF-8F44-2FC2D5BF5B45}.Debug|Any CPU.ActiveCfg = Debug|Win32
		{D5F25F97-B0FC-42EF-8F44-2FC2D5BF5B45}.Debug|x64.ActiveCfg = Debug|x64
		{D5F25F97-B0FC-42EF-8F44-2FC2D5BF5B45}.Debug|x64.Build.0 = Debug|x64
		{D5F25F97-B0FC-42EF-8F44-2FC2D5BF5B45}.Debug|x86.ActiveCfg = Debug|Win32
		{D5F25F97-B0FC-42EF-8F44-2FC2D5BF5B45}.Debug|x86.Build.0 = Debug|Win32
		{D5F25F97-B0FC-42EF-8F44-2FC2D5BF5B45}.Release|Any CPU.ActiveCfg = Release|Win32
		{D5F25F97-B0FC-42EF-8F44-2FC2D5BF5B45}.Release|x64.ActiveCfg = Release|x64
		{D5F25F97-B0FC-42EF-8F44-2FC2D5BF5B45}.Release|x64.Build.0 = Release|x64
		{D5F25F97-B0FC-42EF-8F44-2FC2D5BF5B45}.Release|x86.ActiveCfg = Release|Win32
		{D5F25F97-B0FC-42EF-8F44-2FC2D5BF5B45}.Release|x86.Build.0 = Release|Win32
		{CFA076FA-2AE2-438C-A44F-DDB50C72E69A}.Debug|Any CPU.ActiveCfg = Debug|Win32
		{CFA076FA-2AE2-438C-A44F-DDB50C72E69A}.Debug|x64.ActiveCfg = Debug|x64
		{CFA076FA-2AE2-438C-A44F-DDB50C72E69A}.Debug|x64.Build.0 = Debug|x64
		{CFA076FA-2AE2-438C-A44F-DDB50C72E69A}.Debug|x86.ActiveCfg = Debug|Win32
		{CFA076FA-2AE2-438C-A44F-DDB50C72E69A}.Debug|x86.Build.0 = Debug|Win32
		{CFA076FA-2AE2-438C-A44F-DDB50C72E69A}.Release|Any CPU.ActiveCfg = Release|Win32
		{CFA076FA-2AE2-438C-A44F-DDB50C72E69A}.Release|x64.ActiveCfg = Release|x64
		{CFA076FA-2AE2-438C-A44F-DDB50C72E69A}.Release|x64.Build.0 = Release|x64
		{CFA076FA-2AE2-438C-A44F-DDB50C72E69A}.Release|x86.ActiveCfg = Release|Win32
		{CFA076FA-2AE2-438C-A44F-DDB50C72E69A}.Release|x86.Build.0 = Release|Win32
		{09406EFA-06B1-4B75-9A99-76D839987E56}.Debug|Any CPU.ActiveCfg = Debug|Win32
		{09406EFA-06B1-4B75-9A99-76D839987E56}.Debug|x64.ActiveCfg = Debug|x64
		{09406EFA-06B1-4B75-9A99-76D839987E56}.Debug|x64.Build.0 = Debug|x64
		{09406EFA-06B1-4B75-9A99-76D839987E56}.Debug|x86.ActiveCfg = Debug|Win32
		{09406EFA-06B1-4B75-9A99-76D839987E56}.Debug|x86.Build.0 = Debug|Win32
		{09406EFA-06B1-4B75-9A99-76D839987E56}.Release|Any CPU.ActiveCfg = Release|Win32
		{09406EFA-06B1-4B75-9A99-76D839987E56}.Release|x64.ActiveCfg = Release|x64
		{09406EFA-06B1-4B75-9A99-76D839987E56}.Release|x64.Build.0 = Release|x64
		{09406EFA-06B1-4B75-9A99-76D839987E56}.Release|x86.ActiveCfg = Release|Win32
		{09406EFA-06B1-4B75-9A99-76D839987E56}.Release|x86.Build.0 = Release|Win32
		{5AE70A15-62D6-487B-B369-D28127625E49}.Debug|Any CPU.ActiveCfg = Debug|Win32
		{5AE70A15-62D6-487B-B369-D28127625E49}.Debug|x64.ActiveCfg = Debug|x64
		{5AE70A15-62D6-487B-B369-D28127625E49}.Debug|x64.Build.0 = Debug|x64
		{5AE70A15-62D6-487B-B369-D28127625E49}.Debug|x86.ActiveCfg = Debug|Win32
		{5AE70A15-62D6-487B-B369-D28127625E49}.Debug|x86.Build.0 = Debug|Win32
		{5AE70A15-62D6-487B-B369-D28127625E49}.Release|Any CPU.ActiveCfg = Release|Win32
		{5AE70A15-62D6-487B-B369-D28127625E49}.Release|x64.ActiveCfg = Release|x64
		{5AE70A15-62D6-487B-B369-D28127625E49}.Release|x64.Build.0 = Release|x64
		{5AE70A15-62D6-487B-B369-D28127625E49}.Release|x86.ActiveCfg = Release|Win32
		{5AE70A15-62D6-487B-B369-D28127625E49}.Release|x86.Build.0 = Release|Win32
		{FA303ECF-B834-45E0-9281-7CF2E6F727E3}.Debug|Any CPU.ActiveCfg = Debug|Win32
		{FA303ECF-B834-45E0-9281-7CF2E6F727E3}.Debug|x64.ActiveCfg = Debug|x64
		{FA303ECF-B834-45E0-9281-7CF2E6F727E3}.Debug|x64.Build.0 = Debug|x64
		{FA303ECF-B834-45E0-9281-7CF2E6F727E3}.Debug|x86.ActiveCfg = Debug|Win32
		{FA303ECF-B834-45E0-9281-7CF2E6F727E3}.Debug|x86.Build.0 = Debug|Win32
		{FA303ECF-B834-45E0-9281-7CF2E6F727E3}.Release|Any CPU.ActiveCfg = Release|Win32
		{FA303ECF-B834-45E0-9281-7CF2E6F727E3}.Release|x64.ActiveCfg = Release|x64
		{FA303ECF-B834-45E0-9281-7CF2E6F727E3}.Release|x64.Build.0 = Release|x64
		{FA303ECF-B834-45E0-9281-7CF2E6F727E3}.Release|x86.ActiveCfg = Release|Win32
		{FA303ECF-B834-45E0-9281-7CF2E6F727E3}.Release|x86.Build.0 = Release|Win32
		{2ACA1044-F517-49B9-8650-8C5326A108E9}.Debug|Any CPU.ActiveCfg = Debug|Win32
		{2ACA1044-F517-49B9-8650-8C5326A108E9}.Debug|x64.ActiveCfg = Debug|x64
		{2ACA1044-F517-49B9-8650-8C5326A108E9}.Debug|x64.Build.0 = Debug|x64
		{2ACA1044-F517-49B9-8650-8C5326A108E9}.Debug|x86.ActiveCfg = Debug|Win32
		{2ACA1044-F517-49B9-8650-8C5326A108E9}.Debug|x86.Build.0 = Debug|Win32
		{2ACA1044-F517-49B9-8650-8C5326A108E9}.Release|Any CPU.ActiveCfg = Release|Win32
		{2ACA1044-F517-49B9-8650-8C5326A108E9}.Release|x64.ActiveCfg = Release|x64
		{2ACA1044-F517-49B9-8650-8C5326A108E9}.Release|x64.Build.0 = Release|x64
		{2ACA1044-F517-49B9-8650-8C5326A108E9}.Release|x86.ActiveCfg = Release|Win32
		{2ACA1044-F517-49B9-8650-8C5326A108E9}.Release|x86.Build.0 = Release|Win32
		{7BD775E8-819F-4717-AB3C-2BCC7EC74F42}.Debug|Any CPU.ActiveCfg = Debug|Win32
		{7BD775E8-819F-4717-AB3C-2BCC7EC74F42}.Debug|x64.ActiveCfg = Debug|x64
		{7BD775E8-819F-4717-AB3C-2BCC7EC74F42}.Debug|x64.Build.0 = Debug|x64
		{7BD775E8-819F-4717-AB3C-2BCC7EC74F42}.Debug|x86.ActiveCfg = Debug|Win32
		{7BD775E8-819F-4717-AB3C-2BCC7EC74F42}.Debug|x86.Build.0 = Debug|Win32
		{7BD775E8-819F-4717-AB3C-2BCC7EC74F42}.Release|Any CPU.ActiveCfg = Release|Win32
		{7BD775E8-819F-4717-AB3C-2BCC7EC74F42}.Release|x64.ActiveCfg = Release|x64
		{7BD775E8-819F-4717-AB3C-2BCC7EC74F42}.Release|x64.Build.0 = Release|x64
		{7BD775E8-819F-4717-AB3C-2BCC7EC74F42}.Release|x86.ActiveCfg = Release|Win32
		{7BD775E8-819F-4717-AB3C-2BCC7EC74F42}.Release|x86.Build.0 = Release|Win32
		{7A39FFD6-C73C-438D-93AC-0C008E7F243E}.Debug|Any CPU.ActiveCfg = Debug|Win32
		{7A39FFD6-C73C-438D-93AC-0C008E7F243E}.Debug|x64.ActiveCfg = Debug|x64
		{7A39FFD6-C73C-438D-93AC-0C008E7F243E}.Debug|x64.Build.0 = Debug|x64
		{7A39FFD6-C73C-438D-93AC-0C008E7F243E}.Debug|x86.ActiveCfg = Debug|Win32
		{7A39FFD6-C73C-438D-93AC-0C008E7F243E}.Debug|x86.Build.0 = Debug|Win32
		{7A39FFD6-C73C-438D-93AC-0C008E7F243E}.Release|Any CPU.ActiveCfg = Release|Win32
		{7A39FFD6-C73C-438D-93AC-0C008E7F243E}.Release|x64.ActiveCfg = Release|x64
		{7A39FFD6-C73C-438D-93AC-0C008E7F243E}.Release|x64.Build.0 = Release|x64
		{7A39FFD6-C73C-438D-93AC-0C008E7F243E}.Release|x86.ActiveCfg = Release|Win32
		{7A39FFD6-C73C-438D-93AC-0C008E7F243E}.Release|x86.Build.0 = Release|Win32
		{A6359385-A6F8-4920-A26F-7CC8333137C2}.Debug|Any CPU.ActiveCfg = Debug|Win32
		{A6359385-A6F8-4920-A26F-7CC8333137C2}.Debug|x64.ActiveCfg = Debug|x64
		{A6359385-A6F8-4920-A26F-7CC8333137C2}.Debug|x64.Build.0 = Debug|x64
		{A6359385-A6F8-4920-A26F-7CC8333137C2}.Debug|x86.ActiveCfg = Debug|Win32
		{A6359385-A6F8-4920-A26F-7CC8333137C2}.Debug|x86.Build.0 = Debug|Win32
		{A6359385-A6F8-4920-A26F-7CC8333137C2}.Release|Any CPU.ActiveCfg = Release|Win32
		{A6359385-A6F8-4920-A26F-7CC8333137C2}.Release|x64.ActiveCfg = Release|x64
		{A6359385-A6F8-4920-A26F-7CC8333137C2}.Release|x64.Build.0 = Release|x64
		{A6359385-A6F8-4920-A26F-7CC8333137C2}.Release|x86.ActiveCfg = Release|Win32
		{A6359385-A6F8-4920-A26F-7CC8333137C2}.Release|x86.Build.0 = Release|Win32
		{8B8CC3F5-6D5E-4BC0-ACBE-FB82AA855B2B}.Debug|Any CPU.ActiveCfg = Debug|Win32
		{8B8CC3F5-6D5E-4BC0-ACBE-FB82AA855B2B}.Debug|x64.ActiveCfg = Debug|x64
		{8B8CC3F5-6D5E-4BC0-ACBE-FB82AA855B2B}.Debug|x64.Build.0 = Debug|x64
		{8B8CC3F5-6D5E-4BC0-ACBE-FB82AA855B2B}.Debug|x86.ActiveCfg = Debug|Win32
		{8B8CC3F5-6D5E-4BC0-ACBE-FB82AA855B2B}.Debug|x86.Build.0 = Debug|Win32
		{8B8CC3F5-6D5E-4BC0-ACBE-FB82AA855B2B}.Release|Any CPU.ActiveCfg = Release|Win32
		{8B8CC3F5-6D5E-4BC0-ACBE-FB82AA855B2B}.Release|x64.ActiveCfg = Release|x64
		{8B8CC3F5-6D5E-4BC0-ACBE-FB82AA855B2B}.Release|x64.Build.0 = Release|x64
		{8B8CC3F5-6D5E-4BC0-ACBE-FB82AA855B2B}.Release|x86.ActiveCfg = Release|Win32
		{8B8CC3F5-6D5E-4BC0-ACBE-FB82AA855B2B}.Release|x86.Build.0 = Release|Win32
		{3CA5DFA4-7669-4AA7-98B0-23BAEB4E9E77}.Debug|Any CPU.ActiveCfg = Debug|Win32
		{3CA5DFA4-7669-4AA7-98B0-23BAEB4E9E77}.Debug|x64.ActiveCfg = Debug|x64
		{3CA5DFA4-7669-4AA7-98B0-23BAEB4E9E77}.Debug|x64.Build.0 = Debug|x64
		{3CA5DFA4-7669-4AA7-98B0-23BAEB4E9E77}.Debug|x86.ActiveCfg = Debug|Win32
		{3CA5DFA4-7669-4AA7-98B0-23BAEB4E9E77}.Debug|x86.Build.0 = Debug|Win32
		{3CA5DFA4-7669-4AA7-98B0-23BAEB4E9E77}.Release|Any CPU.ActiveCfg = Release|Win32
		{3CA5DFA4-7669-4AA7-98B0-23BAEB4E9E77}.Release|x64.ActiveCfg = Release|x64
		{3CA5DFA4-7669-4AA7-98B0-23BAEB4E9E77}.Release|x64.Build.0 = Release|x64
		{3CA5DFA4-7669-4AA7-98B0-23BAEB4E9E77}.Release|x86.ActiveCfg = Release|Win32
		{3CA5DFA4-7669-4AA7-98B0-23BAEB4E9E77}.Release|x86.Build.0 = Release|Win32
		{0A199CEE-D14E-4699-B76A-0B1C4C954F1B}.Debug|Any CPU.ActiveCfg = Debug|Win32
		{0A199CEE-D14E-4699-B76A-0B1C4C954F1B}.Debug|x64.ActiveCfg = Debug|x64
		{0A199CEE-D14E-4699-B76A-0B1C4C954F1B}.Debug|x64.Build.0 = Debug|x64
		{0A199CEE-D14E-4699-B76A-0B1C4C954F1B}.Debug|x86.ActiveCfg = Debug|Win32
		{0A199CEE-D14E-4699-B76A-0B1C4C954F1B}.Debug|x86.Build.0 = Debug|Win32
		{0A199CEE-D14E-4699-B76A-0B1C4C954F1B}.Release|Any CPU.ActiveCfg = Release|Win32
		{0A199CEE-D14E-4699-B76A-0B1C4C954F1B}.Release|x64.ActiveCfg = Release|x64
		{0A199CEE-D14E-4699-B76A-0B1C4C954F1B}.Release|x64.Build.0 = Release|x64
		{0A199CEE-D14E-4699-B76A-0B1C4C954F1B}.Release|x86.ActiveCfg = Release|Win32
		{0A199CEE-D14E-4699-B76A-0B1C4C954F1B}.Release|x86.Build.0 = Release|Win32
		{90B67462-F762-42E1-AEA9-5D3647911F3C}.Debug|Any CPU.ActiveCfg = Debug|Win32
		{90B67462-F762-42E1-AEA9-5D3647911F3C}.Debug|x64.ActiveCfg = Debug|x64
		{90B67462-F762-42E1-AEA9-5D3647911F3C}.Debug|x64.Build.0 = Debug|x64
		{90B67462-F762-42E1-AEA9-5D3647911F3C}.Debug|x86.ActiveCfg = Debug|Win32
		{90B67462-F762-42E1-AEA9-5D3647911F3C}.Debug|x86.Build.0 = Debug|Win32
		{90B67462-F762-42E1-AEA9-5D3647911F3C}.Release|Any CPU.ActiveCfg = Release|Win32
		{90B67462-F762-42E1-AEA9-5D3647911F3C}.Release|x64.ActiveCfg = Release|x64
		{90B67462-F762-42E1-AEA9-5D3647911F3C}.Release|x64.Build.0 = Release|x64
		{90B67462-F762-42E1-AEA9-5D3647911F3C}.Release|x86.ActiveCfg = Release|Win32
		{90B67462-F762-42E1-AEA9-5D3647911F3C}.Release|x86.Build.0 = Release|Win32
		{CBB87F3A-BDFD-4E1D-9E6E-0802C17E3DED}.Debug|Any CPU.ActiveCfg = Debug|Win32
		{CBB87F3A-BDFD-4E1D-9E6E-0802C17E3DED}.Debug|x64.ActiveCfg = Debug|x64
		{CBB87F3A-BDFD-4E1D-9E6E-0802C17E3DED}.Debug|x64.Build.0 = Debug|x64
		{CBB87F3A-BDFD-4E1D-9E6E-0802C17E3DED}.Debug|x86.ActiveCfg = Debug|Win32
		{CBB87F3A-BDFD-4E1D-9E6E-0802C17E3DED}.Debug|x86.Build.0 = Debug|Win32
		{CBB87F3A-BDFD-4E1D-9E6E-0802C17E3DED}.Release|Any CPU.ActiveCfg = Release|Win32
		{CBB87F3A-BDFD-4E1D-9E6E-0802C17E3DED}.Release|x64.ActiveCfg = Release|x64
		{CBB87F3A-BDFD-4E1D-9E6E-0802C17E3DED}.Release|x64.Build.0 = Release|x64
		{CBB87F3A-BDFD-4E1D-9E6E-0802C17E3DED}.Release|x86.ActiveCfg = Release|Win32
		{CBB87F3A-BDFD-4E1D-9E6E-0802C17E3DED}.Release|x86.Build.0 = Release|Win32
		{CBEB2393-17AB-419C-BEE1-DE7CF064EFA5}.Debug|Any CPU.ActiveCfg = Debug|Win32
		{CBEB2393-17AB-419C-BEE1-DE7CF064EFA5}.Debug|x64.ActiveCfg = Debug|x64
		{CBEB2393-17AB-419C-BEE1-DE7CF064EFA5}.Debug|x64.Build.0 = Debug|x64
		{CBEB2393-17AB-419C-BEE1-DE7CF064EFA5}.Debug|x86.ActiveCfg = Debug|Win32
		{CBEB2393-17AB-419C-BEE1-DE7CF064EFA5}.Debug|x86.Build.0 = Debug|Win32
		{CBEB2393-17AB-419C-BEE1-DE7CF064EFA5}.Release|Any CPU.ActiveCfg = Release|Win32
		{CBEB2393-17AB-419C-BEE1-DE7CF064EFA5}.Release|x64.ActiveCfg = Release|x64
		{CBEB2393-17AB-419C-BEE1-DE7CF064EFA5}.Release|x64.Build.0 = Release|x64
		{CBEB2393-17AB-419C-BEE1-DE7CF064EFA5}.Release|x86.ActiveCfg = Release|Win32
		{CBEB2393-17AB-419C-BEE1-DE7CF064EFA5}.Release|x86.Build.0 = Release|Win32
		{FF0E2F3C-5BE5-49DE-9D94-01393F2776CD}.Debug|Any CPU.ActiveCfg = Debug|Win32
		{FF0E2F3C-5BE5-49DE-9D94-01393F2776CD}.Debug|x64.ActiveCfg = Debug|x64
		{FF0E2F3C-5BE5-49DE-9D94-01393F2776CD}.Debug|x64.Build.0 = Debug|x64
		{FF0E2F3C-5BE5-49DE-9D94-01393F2776CD}.Debug|x86.ActiveCfg = Debug|Win32
		{FF0E2F3C-5BE5-49DE-9D94-01393F2776CD}.Debug|x86.Build.0 = Debug|Win32
		{FF0E2F3C-5BE5-49DE-9D94-01393F2776CD}.Release|Any CPU.ActiveCfg = Release|Win32
		{FF0E2F3C-5BE5-49DE-9D94-01393F2776CD}.Release|x64.ActiveCfg = Release|x64
		{FF0E2F3C-5BE5-49DE-9D94-01393F2776CD}.Release|x64.Build.0 = Release|x64
		{FF0E2F3C-5BE5-49DE-9D94-01393F2776CD}.Release|x86.ActiveCfg = Release|Win32
		{FF0E2F3C-5BE5-49DE-9D94-01393F2776CD}.Release|x86.Build.0 = Release|Win32
		{F1AF4DE5-1AF3-48B4-86F7-951AA3A03992}.Debug|Any CPU.ActiveCfg = Debug|Win32
		{F1AF4DE5-1AF3-48B4-86F7-951AA3A03992}.Debug|x64.ActiveCfg = Debug|x64
		{F1AF4DE5-1AF3-48B4-86F7-951AA3A03992}.Debug|x64.Build.0 = Debug|x64
		{F1AF4DE5-1AF3-48B4-86F7-951AA3A03992}.Debug|x86.ActiveCfg = Debug|Win32
		{F1AF4DE5-1AF3-48B4-86F7-951AA3A03992}.Debug|x86.Build.0 = Debug|Win32
		{F1AF4DE5-1AF3-48B4-86F7-951AA3A03992}.Release|Any CPU.ActiveCfg = Release|Win32
		{F1AF4DE5-1AF3-48B4-86F7-951AA3A03992}.Release|x64.ActiveCfg = Release|x64
		{F1AF4DE5-1AF3-48B4-86F7-951AA3A03992}.Release|x64.Build.0 = Release|x64
		{F1AF4DE5-1AF3-48B4-86F7-951AA3A03992}.Release|x86.ActiveCfg = Release|Win32
		{F1AF4DE5-1AF3-48B4-86F7-951AA3A03992}.Release|x86.Build.0 = Release|Win32
		{0141F3C1-9A57-43BF-A053-DCDE7B261A8C}.Debug|Any CPU.ActiveCfg = Debug|Win32
		{0141F3C1-9A57-43BF-A053-DCDE7B261A8C}.Debug|x64.ActiveCfg = Debug|x64
		{0141F3C1-9A57-43BF-A053-DCDE7B261A8C}.Debug|x64.Build.0 = Debug|x64
		{0141F3C1-9A57-43BF-A053-DCDE7B261A8C}.Debug|x86.ActiveCfg = Debug|Win32
		{0141F3C1-9A57-43BF-A053-DCDE7B261A8C}.Debug|x86.Build.0 = Debug|Win32
		{0141F3C1-9A57-43BF-A053-DCDE7B261A8C}.Release|Any CPU.ActiveCfg = Release|Win32
		{0141F3C1-9A57-43BF-A053-DCDE7B261A8C}.Release|x64.ActiveCfg = Release|x64
		{0141F3C1-9A57-43BF-A053-DCDE7B261A8C}.Release|x64.Build.0 = Release|x64
		{0141F3C1-9A57-43BF-A053-DCDE7B261A8C}.Release|x86.ActiveCfg = Release|Win32
		{0141F3C1-9A57-43BF-A053-DCDE7B261A8C}.Release|x86.Build.0 = Release|Win32
		{FA866D2E-294A-4669-8345-D85C2C1E8B53}.Debug|Any CPU.ActiveCfg = Debug|Win32
		{FA866D2E-294A-4669-8345-D85C2C1E8B53}.Debug|x64.ActiveCfg = Debug|x64
		{FA866D2E-294A-4669-8345-D85C2C1E8B53}.Debug|x64.Build.0 = Debug|x64
		{FA866D2E-294A-4669-8345-D85C2C1E8B53}.Debug|x86.ActiveCfg = Debug|Win32
		{FA866D2E-294A-4669-8345-D85C2C1E8B53}.Debug|x86.Build.0 = Debug|Win32
		{FA866D2E-294A-4669-8345-D85C2C1E8B53}.Release|Any CPU.ActiveCfg = Release|Win32
		{FA866D2E-294A-4669-8345-D85C2C1E8B53}.Release|x64.ActiveCfg = Release|x64
		{FA866D2E-294A-4669-8345-D85C2C1E8B53}.Release|x64.Build.0 = Release|x64
		{FA866D2E-294A-4669-8345-D85C2C1E8B53}.Release|x86.ActiveCfg = Release|Win32
		{FA866D2E-294A-4669-8345-D85C2C1E8B53}.Release|x86.Build.0 = Release|Win32
		{03B22A00-C037-4668-A1FD-2AFC64357AE7}.Debug|Any CPU.ActiveCfg = Debug|Win32
		{03B22A00-C037-4668-A1FD-2AFC64357AE7}.Debug|x64.ActiveCfg = Debug|x64
		{03B22A00-C037-4668-A1FD-2AFC64357AE7}.Debug|x64.Build.0 = Debug|x64
		{03B22A00-C037-4668-A1FD-2AFC64357AE7}.Debug|x86.ActiveCfg = Debug|Win32
		{03B22A00-C037-4668-A1FD-2AFC64357AE7}.Debug|x86.Build.0 = Debug|Win32
		{03B22A00-C037-4668-A1FD-2AFC64357AE7}.Release|Any CPU.ActiveCfg = Release|Win32
		{03B22A00-C037-4668-A1FD-2AFC64357AE7}.Release|x64.ActiveCfg = Release|x64
		{03B22A00-C037-4668-A1FD-2AFC64357AE7}.Release|x64.Build.0 = Release|x64
		{03B22A00-C037-4668-A1FD-2AFC64357AE7}.Release|x86.ActiveCfg = Release|Win32
		{03B22A00-C037-4668-A1FD-2AFC64357AE7}.Release|x86.Build.0 = Release|Win32
		{03F8BF55-7C83-42F7-BFEA-E9BA3320277E}.Debug|Any CPU.ActiveCfg = Debug|Win32
		{03F8BF55-7C83-42F7-BFEA-E9BA3320277E}.Debug|x64.ActiveCfg = Debug|x64
		{03F8BF55-7C83-42F7-BFEA-E9BA3320277E}.Debug|x64.Build.0 = Debug|x64
		{03F8BF55-7C83-42F7-BFEA-E9BA3320277E}.Debug|x86.ActiveCfg = Debug|Win32
		{03F8BF55-7C83-42F7-BFEA-E9BA3320277E}.Debug|x86.Build.0 = Debug|Win32
		{03F8BF55-7C83-42F7-BFEA-E9BA3320277E}.Release|Any CPU.ActiveCfg = Release|Win32
		{03F8BF55-7C83-42F7-BFEA-E9BA3320277E}.Release|x64.ActiveCfg = Release|x64
		{03F8BF55-7C83-42F7-BFEA-E9BA3320277E}.Release|x64.Build.0 = Release|x64
		{03F8BF55-7C83-42F7-BFEA-E9BA3320277E}.Release|x86.ActiveCfg = Release|Win32
		{03F8BF55-7C83-42F7-BFEA-E9BA3320277E}.Release|x86.Build.0 = Release|Win32
		{87AD118A-BCEF-42CC-A2A5-35CEE036350A}.Debug|Any CPU.ActiveCfg = Debug|Win32
		{87AD118A-BCEF-42CC-A2A5-35CEE036350A}.Debug|x64.ActiveCfg = Debug|x64
		{87AD118A-BCEF-42CC-A2A5-35CEE036350A}.Debug|x64.Build.0 = Debug|x64
		{87AD118A-BCEF-42CC-A2A5-35CEE036350A}.Debug|x86.ActiveCfg = Debug|Win32
		{87AD118A-BCEF-42CC-A2A5-35CEE036350A}.Debug|x86.Build.0 = Debug|Win32
		{87AD118A-BCEF-42CC-A2A5-35CEE036350A}.Release|Any CPU.ActiveCfg = Release|Win32
		{87AD118A-BCEF-42CC-A2A5-35CEE036350A}.Release|x64.ActiveCfg = Release|x64
		{87AD118A-BCEF-42CC-A2A5-35CEE036350A}.Release|x64.Build.0 = Release|x64
		{87AD118A-BCEF-42CC-A2A5-35CEE036350A}.Release|x86.ActiveCfg = Release|Win32
		{87AD118A-BCEF-42CC-A2A5-35CEE036350A}.Release|x86.Build.0 = Release|Win32
		{07ED4768-A38F-42E7-8817-D4B68A5390EB}.Debug|Any CPU.ActiveCfg = Debug|Win32
		{07ED4768-A38F-42E7-8817-D4B68A5390EB}.Debug|x64.ActiveCfg = Debug|x64
		{07ED4768-A38F-42E7-8817-D4B68A5390EB}.Debug|x64.Build.0 = Debug|x64
		{07ED4768-A38F-42E7-8817-D4B68A5390EB}.Debug|x86.ActiveCfg = Debug|Win32
		{07ED4768-A38F-42E7-8817-D4B68A5390EB}.Debug|x86.Build.0 = Debug|Win32
		{07ED4768-A38F-42E7-8817-D4B68A5390EB}.Release|Any CPU.ActiveCfg = Release|Win32
		{07ED4768-A38F-42E7-8817-D4B68A5390EB}.Release|x64.ActiveCfg = Release|x64
		{07ED4768-A38F-42E7-8817-D4B68A5390EB}.Release|x64.Build.0 = Release|x64
		{07ED4768-A38F-42E7-8817-D4B68A5390EB}.Release|x86.ActiveCfg = Release|Win32
		{07ED4768-A38F-42E7-8817-D4B68A5390EB}.Release|x86.Build.0 = Release|Win32
		{A1AD2336-EDC3-4654-9C88-A7463B0AFFF6}.Debug|Any CPU.ActiveCfg = Debug|Win32
		{A1AD2336-EDC3-4654-9C88-A7463B0AFFF6}.Debug|x64.ActiveCfg = Debug|x64
		{A1AD2336-EDC3-4654-9C88-A7463B0AFFF6}.Debug|x64.Build.0 = Debug|x64
		{A1AD2336-EDC3-4654-9C88-A7463B0AFFF6}.Debug|x86.ActiveCfg = Debug|Win32
		{A1AD2336-EDC3-4654-9C88-A7463B0AFFF6}.Debug|x86.Build.0 = Debug|Win32
		{A1AD2336-EDC3-4654-9C88-A7463B0AFFF6}.Release|Any CPU.ActiveCfg = Release|Win32
		{A1AD2336-EDC3-4654-9C88-A7463B0AFFF6}.Release|x64.ActiveCfg = Release|x64
		{A1AD2336-EDC3-4654-9C88-A7463B0AFFF6}.Release|x64.Build.0 = Release|x64
		{A1AD2336-EDC3-4654-9C88-A7463B0AFFF6}.Release|x86.ActiveCfg = Release|Win32
		{A1AD2336-EDC3-4654-9C88-A7463B0AFFF6}.Release|x86.Build.0 = Release|Win32
		{260EAAA7-6374-4B78-9C6D-8AF35439B6DD}.Debug|Any CPU.ActiveCfg = Debug|Win32
		{260EAAA7-6374-4B78-9C6D-8AF35439B6DD}.Debug|x64.ActiveCfg = Debug|x64
		{260EAAA7-6374-4B78-9C6D-8AF35439B6DD}.Debug|x64.Build.0 = Debug|x64
		{260EAAA7-6374-4B78-9C6D-8AF35439B6DD}.Debug|x86.ActiveCfg = Debug|Win32
		{260EAAA7-6374-4B78-9C6D-8AF35439B6DD}.Debug|x86.Build.0 = Debug|Win32
		{260EAAA7-6374-4B78-9C6D-8AF35439B6DD}.Release|Any CPU.ActiveCfg = Release|Win32
		{260EAAA7-6374-4B78-9C6D-8AF35439B6DD}.Release|x64.ActiveCfg = Release|x64
		{260EAAA7-6374-4B78-9C6D-8AF35439B6DD}.Release|x64.Build.0 = Release|x64
		{260EAAA7-6374-4B78-9C6D-8AF35439B6DD}.Release|x86.ActiveCfg = Release|Win32
		{260EAAA7-6374-4B78-9C6D-8AF35439B6DD}.Release|x86.Build.0 = Release|Win32
	EndGlobalSection
	GlobalSection(SolutionProperties) = preSolution
		HideSolutionNode = FALSE
	EndGlobalSection
	GlobalSection(NestedProjects) = preSolution
		{EED25995-3F4E-4F2D-B846-B78A4B4879B7} = {CAAECC3F-22C7-4E04-A270-38BDEE5F7A89}
		{9F44E0DD-56D4-4153-A45D-B1CD07414407} = {CAAECC3F-22C7-4E04-A270-38BDEE5F7A89}
		{38CF3083-D63A-4E59-8F2B-0EC118393CB3} = {CAAECC3F-22C7-4E04-A270-38BDEE5F7A89}
		{56D66102-5D45-43B8-9180-6818B4CB7032} = {CAAECC3F-22C7-4E04-A270-38BDEE5F7A89}
		{551AB631-77FE-4D1D-B194-9554E6C99F30} = {CAAECC3F-22C7-4E04-A270-38BDEE5F7A89}
		{C71B65D8-B9D8-4DC1-B248-86EDFC1A970D} = {CAAECC3F-22C7-4E04-A270-38BDEE5F7A89}
		{1E3DDD48-6949-4862-94D3-3325BE5891F3} = {CAAECC3F-22C7-4E04-A270-38BDEE5F7A89}
		{0A50829F-5943-4220-833B-B23DAC8EB0BE} = {CAAECC3F-22C7-4E04-A270-38BDEE5F7A89}
		{6FA15732-D4DF-4390-BE94-66CF85D6B358} = {CAAECC3F-22C7-4E04-A270-38BDEE5F7A89}
		{99CE9A44-7CFF-4705-BD4B-0B9FB0302C36} = {CAAECC3F-22C7-4E04-A270-38BDEE5F7A89}
		{3166B243-7F49-4031-97AD-40479188BE99} = {CAAECC3F-22C7-4E04-A270-38BDEE5F7A89}
		{96259AE6-73B1-4A09-BD99-E11EA55CAE62} = {CAAECC3F-22C7-4E04-A270-38BDEE5F7A89}
		{CA7C239C-29E9-4954-AFA9-BBE8C8CF3E3E} = {CAAECC3F-22C7-4E04-A270-38BDEE5F7A89}
		{23D3CF9F-1753-4F8C-B272-BAD2891FF2B4} = {CAAECC3F-22C7-4E04-A270-38BDEE5F7A89}
		{06E226B2-F815-4BB0-8FEB-5D7F5BD4A27C} = {CAAECC3F-22C7-4E04-A270-38BDEE5F7A89}
		{678795A1-AD19-4BC9-9AA0-871F22701021} = {CAAECC3F-22C7-4E04-A270-38BDEE5F7A89}
		{D663B447-E9D1-4CE7-A42A-FEF65A26CADC} = {CAAECC3F-22C7-4E04-A270-38BDEE5F7A89}
		{A222C3F2-199D-4A5B-8678-C998F46FB34B} = {CAAECC3F-22C7-4E04-A270-38BDEE5F7A89}
		{87E05CB8-E2D5-43AA-BABF-FEA2BA2509E3} = {CAAECC3F-22C7-4E04-A270-38BDEE5F7A89}
		{4556D911-1EF7-4409-A680-9039DC3DF74F} = {CAAECC3F-22C7-4E04-A270-38BDEE5F7A89}
		{66DDC4A7-269E-402E-AC4B-93650666E57B} = {CAAECC3F-22C7-4E04-A270-38BDEE5F7A89}
		{BCBFAFFC-E1C6-4EED-850B-87DC2187E715} = {CAAECC3F-22C7-4E04-A270-38BDEE5F7A89}
		{9488A19D-FCAC-4535-91E2-D0DBE9E7FCBF} = {CAAECC3F-22C7-4E04-A270-38BDEE5F7A89}
		{62C9F5BF-EB6F-4C53-8F9C-B5C82C362C6C} = {CAAECC3F-22C7-4E04-A270-38BDEE5F7A89}
		{F9B19EB5-580B-428B-ACA2-F4353092D910} = {31E142F6-0546-4EE9-8495-3A32BC7F6274}
		{78B6400F-8D45-4DD2-B3CB-AFFDF39932B2} = {CAAECC3F-22C7-4E04-A270-38BDEE5F7A89}
		{BD1A8F37-55BC-4974-AF51-842BB440E162} = {31E142F6-0546-4EE9-8495-3A32BC7F6274}
		{39320F1C-A033-423F-9E5C-FB64260B7659} = {31E142F6-0546-4EE9-8495-3A32BC7F6274}
		{22550B3C-1719-48FF-BFF0-594D39922835} = {31E142F6-0546-4EE9-8495-3A32BC7F6274}
		{B52D6A92-3D06-4315-890A-BFA867A7BC7F} = {31E142F6-0546-4EE9-8495-3A32BC7F6274}
		{A1DFB691-B3BA-4DCC-A025-4209DE2FE2A7} = {EAFF6DD9-68D6-46FC-B930-64334E6E1493}
		{33765035-9F7F-488A-A757-D6F6F50FB90C} = {EAFF6DD9-68D6-46FC-B930-64334E6E1493}
		{2704D695-BE7F-46EA-AB2A-928F67471B40} = {76FE5929-189B-4802-BFB6-68471542C634}
		{28C754B6-3229-47F1-92EF-3DA1E9D6D17D} = {76FE5929-189B-4802-BFB6-68471542C634}
		{FE1D6FBE-106D-4028-AB0A-0EA113B112F4} = {76FE5929-189B-4802-BFB6-68471542C634}
		{74396B3A-9D38-42FB-8BE4-3751D5D58C15} = {76FE5929-189B-4802-BFB6-68471542C634}
		{C1310EA0-2BAC-42E2-9AAF-F628ABA47ACD} = {76FE5929-189B-4802-BFB6-68471542C634}
		{113D923D-60A9-414A-8D52-03CD101915D1} = {76FE5929-189B-4802-BFB6-68471542C634}
		{A23F6C16-61B8-4CF9-8ED9-61FEC50821D8} = {CAAECC3F-22C7-4E04-A270-38BDEE5F7A89}
		{FA17944F-3B96-4D27-AC46-D8D2B60EE1B1} = {76FE5929-189B-4802-BFB6-68471542C634}
		{D6679F8C-2931-4F70-867F-A2F89C983D8F} = {CAAECC3F-22C7-4E04-A270-38BDEE5F7A89}
		{FBC5A5CC-F45B-4993-8625-0EDA6E777922} = {CAAECC3F-22C7-4E04-A270-38BDEE5F7A89}
		{F100572F-C01B-439E-BB2E-7D8F2122E1C2} = {EAFF6DD9-68D6-46FC-B930-64334E6E1493}
		{B8D2CD37-45D5-4534-88ED-82E398CF5501} = {CAAECC3F-22C7-4E04-A270-38BDEE5F7A89}
		{95565ADB-BD71-40C8-BD92-C5DDACD68F0B} = {EAFF6DD9-68D6-46FC-B930-64334E6E1493}
		{DC2E8ADE-ABB1-4CD9-9043-EE93043A3E68} = {31E142F6-0546-4EE9-8495-3A32BC7F6274}
		{4402D5C8-0CD6-4DE3-B280-E5955C10191A} = {31E142F6-0546-4EE9-8495-3A32BC7F6274}
		{263CDEA5-B80B-43DF-8954-1979AC5854AF} = {EAFF6DD9-68D6-46FC-B930-64334E6E1493}
		{E90FEB8F-75CC-4529-99CD-7154E9892055} = {76FE5929-189B-4802-BFB6-68471542C634}
		{8701FC8B-6CFF-4C11-A66B-089CF1D5E5BF} = {76FE5929-189B-4802-BFB6-68471542C634}
		{8D30480D-E6AF-4624-92FE-20839EDF3123} = {76FE5929-189B-4802-BFB6-68471542C634}
		{146BE13F-646A-48DA-AAD0-644BA9D45EBD} = {31E142F6-0546-4EE9-8495-3A32BC7F6274}
		{4518EB24-9F93-4915-84A6-A48903DEDED4} = {EAFF6DD9-68D6-46FC-B930-64334E6E1493}
		{3A4AB424-8F84-4A83-A259-13F0BBC5B04D} = {31E142F6-0546-4EE9-8495-3A32BC7F6274}
		{BEDC6124-1105-47E8-854D-E98E5AD93036} = {31E142F6-0546-4EE9-8495-3A32BC7F6274}
		{E547A786-380F-4C73-BE2F-49C7F68661F2} = {76FE5929-189B-4802-BFB6-68471542C634}
		{D5F25F97-B0FC-42EF-8F44-2FC2D5BF5B45} = {34BB60B7-87D4-4E05-A65C-101990A29C13}
		{CFA076FA-2AE2-438C-A44F-DDB50C72E69A} = {34BB60B7-87D4-4E05-A65C-101990A29C13}
		{09406EFA-06B1-4B75-9A99-76D839987E56} = {80A23B22-C5E2-4C72-BAF2-C2D7BFF6E48C}
		{5AE70A15-62D6-487B-B369-D28127625E49} = {34BB60B7-87D4-4E05-A65C-101990A29C13}
		{FA303ECF-B834-45E0-9281-7CF2E6F727E3} = {34BB60B7-87D4-4E05-A65C-101990A29C13}
		{2ACA1044-F517-49B9-8650-8C5326A108E9} = {34BB60B7-87D4-4E05-A65C-101990A29C13}
		{7BD775E8-819F-4717-AB3C-2BCC7EC74F42} = {34BB60B7-87D4-4E05-A65C-101990A29C13}
		{7A39FFD6-C73C-438D-93AC-0C008E7F243E} = {34BB60B7-87D4-4E05-A65C-101990A29C13}
		{A6359385-A6F8-4920-A26F-7CC8333137C2} = {34BB60B7-87D4-4E05-A65C-101990A29C13}
		{8B8CC3F5-6D5E-4BC0-ACBE-FB82AA855B2B} = {34BB60B7-87D4-4E05-A65C-101990A29C13}
		{3CA5DFA4-7669-4AA7-98B0-23BAEB4E9E77} = {EAFF6DD9-68D6-46FC-B930-64334E6E1493}
		{0A199CEE-D14E-4699-B76A-0B1C4C954F1B} = {34BB60B7-87D4-4E05-A65C-101990A29C13}
		{90B67462-F762-42E1-AEA9-5D3647911F3C} = {76FE5929-189B-4802-BFB6-68471542C634}
		{CBB87F3A-BDFD-4E1D-9E6E-0802C17E3DED} = {76FE5929-189B-4802-BFB6-68471542C634}
		{CBEB2393-17AB-419C-BEE1-DE7CF064EFA5} = {EAFF6DD9-68D6-46FC-B930-64334E6E1493}
		{FF0E2F3C-5BE5-49DE-9D94-01393F2776CD} = {76FE5929-189B-4802-BFB6-68471542C634}
		{F1AF4DE5-1AF3-48B4-86F7-951AA3A03992} = {34BB60B7-87D4-4E05-A65C-101990A29C13}
		{0141F3C1-9A57-43BF-A053-DCDE7B261A8C} = {34BB60B7-87D4-4E05-A65C-101990A29C13}
		{FA866D2E-294A-4669-8345-D85C2C1E8B53} = {76FE5929-189B-4802-BFB6-68471542C634}
		{03B22A00-C037-4668-A1FD-2AFC64357AE7} = {76FE5929-189B-4802-BFB6-68471542C634}
		{03F8BF55-7C83-42F7-BFEA-E9BA3320277E} = {34BB60B7-87D4-4E05-A65C-101990A29C13}
		{87AD118A-BCEF-42CC-A2A5-35CEE036350A} = {34BB60B7-87D4-4E05-A65C-101990A29C13}
		{07ED4768-A38F-42E7-8817-D4B68A5390EB} = {76FE5929-189B-4802-BFB6-68471542C634}
		{A1AD2336-EDC3-4654-9C88-A7463B0AFFF6} = {76FE5929-189B-4802-BFB6-68471542C634}
		{260EAAA7-6374-4B78-9C6D-8AF35439B6DD} = {CAAECC3F-22C7-4E04-A270-38BDEE5F7A89}
	EndGlobalSection
	GlobalSection(ExtensibilityGlobals) = postSolution
		SolutionGuid = {2F41596F-1D2C-409A-A79C-594079EB7862}
	EndGlobalSection
EndGlobal
